// !$*UTF8*$!
{
	archiveVersion = 1;
	classes = {
	};
	objectVersion = 46;
	objects = {

/* Begin PBXBuildFile section */
		8B598BAF1D8F6D2600C831E1 /* main.m in Sources */ = {isa = PBXBuildFile; fileRef = 8B598BAE1D8F6D2600C831E1 /* main.m */; };
		8B598BB21D8F6D2600C831E1 /* AppDelegate.m in Sources */ = {isa = PBXBuildFile; fileRef = 8B598BB11D8F6D2600C831E1 /* AppDelegate.m */; };
		8B598BB51D8F6D2600C831E1 /* ViewController.m in Sources */ = {isa = PBXBuildFile; fileRef = 8B598BB41D8F6D2600C831E1 /* ViewController.m */; };
		8B598BB81D8F6D2600C831E1 /* Main.storyboard in Resources */ = {isa = PBXBuildFile; fileRef = 8B598BB61D8F6D2600C831E1 /* Main.storyboard */; };
		8B598BBA1D8F6D2600C831E1 /* Assets.xcassets in Resources */ = {isa = PBXBuildFile; fileRef = 8B598BB91D8F6D2600C831E1 /* Assets.xcassets */; };
		8B598BBD1D8F6D2600C831E1 /* LaunchScreen.storyboard in Resources */ = {isa = PBXBuildFile; fileRef = 8B598BBB1D8F6D2600C831E1 /* LaunchScreen.storyboard */; };
		8B598BC81D8F6D2700C831E1 /* FileManagerTests.m in Sources */ = {isa = PBXBuildFile; fileRef = 8B598BC71D8F6D2700C831E1 /* FileManagerTests.m */; };
		8B598BD31D8F6D2700C831E1 /* FileManagerUITests.m in Sources */ = {isa = PBXBuildFile; fileRef = 8B598BD21D8F6D2700C831E1 /* FileManagerUITests.m */; };
		8B598BE21D8F6D4500C831E1 /* FileManger.m in Sources */ = {isa = PBXBuildFile; fileRef = 8B598BE11D8F6D4500C831E1 /* FileManger.m */; };
/* End PBXBuildFile section */

/* Begin PBXContainerItemProxy section */
		8B598BC41D8F6D2700C831E1 /* PBXContainerItemProxy */ = {
			isa = PBXContainerItemProxy;
			containerPortal = 8B598BA21D8F6D2600C831E1 /* Project object */;
			proxyType = 1;
			remoteGlobalIDString = 8B598BA91D8F6D2600C831E1;
			remoteInfo = FileManager;
		};
		8B598BCF1D8F6D2700C831E1 /* PBXContainerItemProxy */ = {
			isa = PBXContainerItemProxy;
			containerPortal = 8B598BA21D8F6D2600C831E1 /* Project object */;
			proxyType = 1;
			remoteGlobalIDString = 8B598BA91D8F6D2600C831E1;
			remoteInfo = FileManager;
		};
/* End PBXContainerItemProxy section */

/* Begin PBXFileReference section */
		8B598BAA1D8F6D2600C831E1 /* FileManager.app */ = {isa = PBXFileReference; explicitFileType = wrapper.application; includeInIndex = 0; path = FileManager.app; sourceTree = BUILT_PRODUCTS_DIR; };
		8B598BAE1D8F6D2600C831E1 /* main.m */ = {isa = PBXFileReference; lastKnownFileType = sourcecode.c.objc; path = main.m; sourceTree = "<group>"; };
		8B598BB01D8F6D2600C831E1 /* AppDelegate.h */ = {isa = PBXFileReference; lastKnownFileType = sourcecode.c.h; path = AppDelegate.h; sourceTree = "<group>"; };
		8B598BB11D8F6D2600C831E1 /* AppDelegate.m */ = {isa = PBXFileReference; lastKnownFileType = sourcecode.c.objc; path = AppDelegate.m; sourceTree = "<group>"; };
		8B598BB31D8F6D2600C831E1 /* ViewController.h */ = {isa = PBXFileReference; lastKnownFileType = sourcecode.c.h; path = ViewController.h; sourceTree = "<group>"; };
		8B598BB41D8F6D2600C831E1 /* ViewController.m */ = {isa = PBXFileReference; lastKnownFileType = sourcecode.c.objc; path = ViewController.m; sourceTree = "<group>"; };
		8B598BB71D8F6D2600C831E1 /* Base */ = {isa = PBXFileReference; lastKnownFileType = file.storyboard; name = Base; path = Base.lproj/Main.storyboard; sourceTree = "<group>"; };
		8B598BB91D8F6D2600C831E1 /* Assets.xcassets */ = {isa = PBXFileReference; lastKnownFileType = folder.assetcatalog; path = Assets.xcassets; sourceTree = "<group>"; };
		8B598BBC1D8F6D2600C831E1 /* Base */ = {isa = PBXFileReference; lastKnownFileType = file.storyboard; name = Base; path = Base.lproj/LaunchScreen.storyboard; sourceTree = "<group>"; };
		8B598BBE1D8F6D2600C831E1 /* Info.plist */ = {isa = PBXFileReference; lastKnownFileType = text.plist.xml; path = Info.plist; sourceTree = "<group>"; };
		8B598BC31D8F6D2700C831E1 /* FileManagerTests.xctest */ = {isa = PBXFileReference; explicitFileType = wrapper.cfbundle; includeInIndex = 0; path = FileManagerTests.xctest; sourceTree = BUILT_PRODUCTS_DIR; };
		8B598BC71D8F6D2700C831E1 /* FileManagerTests.m */ = {isa = PBXFileReference; lastKnownFileType = sourcecode.c.objc; path = FileManagerTests.m; sourceTree = "<group>"; };
		8B598BC91D8F6D2700C831E1 /* Info.plist */ = {isa = PBXFileReference; lastKnownFileType = text.plist.xml; path = Info.plist; sourceTree = "<group>"; };
		8B598BCE1D8F6D2700C831E1 /* FileManagerUITests.xctest */ = {isa = PBXFileReference; explicitFileType = wrapper.cfbundle; includeInIndex = 0; path = FileManagerUITests.xctest; sourceTree = BUILT_PRODUCTS_DIR; };
		8B598BD21D8F6D2700C831E1 /* FileManagerUITests.m */ = {isa = PBXFileReference; lastKnownFileType = sourcecode.c.objc; path = FileManagerUITests.m; sourceTree = "<group>"; };
		8B598BD41D8F6D2700C831E1 /* Info.plist */ = {isa = PBXFileReference; lastKnownFileType = text.plist.xml; path = Info.plist; sourceTree = "<group>"; };
		8B598BE01D8F6D4500C831E1 /* FileManger.h */ = {isa = PBXFileReference; fileEncoding = 4; lastKnownFileType = sourcecode.c.h; path = FileManger.h; sourceTree = "<group>"; };
		8B598BE11D8F6D4500C831E1 /* FileManger.m */ = {isa = PBXFileReference; fileEncoding = 4; lastKnownFileType = sourcecode.c.objc; path = FileManger.m; sourceTree = "<group>"; };
/* End PBXFileReference section */

/* Begin PBXFrameworksBuildPhase section */
		8B598BA71D8F6D2600C831E1 /* Frameworks */ = {
			isa = PBXFrameworksBuildPhase;
			buildActionMask = 2147483647;
			files = (
			);
			runOnlyForDeploymentPostprocessing = 0;
		};
		8B598BC01D8F6D2700C831E1 /* Frameworks */ = {
			isa = PBXFrameworksBuildPhase;
			buildActionMask = 2147483647;
			files = (
			);
			runOnlyForDeploymentPostprocessing = 0;
		};
		8B598BCB1D8F6D2700C831E1 /* Frameworks */ = {
			isa = PBXFrameworksBuildPhase;
			buildActionMask = 2147483647;
			files = (
			);
			runOnlyForDeploymentPostprocessing = 0;
		};
/* End PBXFrameworksBuildPhase section */

/* Begin PBXGroup section */
		8B598BA11D8F6D2600C831E1 = {
			isa = PBXGroup;
			children = (
				8B598BAC1D8F6D2600C831E1 /* FileManager */,
				8B598BC61D8F6D2700C831E1 /* FileManagerTests */,
				8B598BD11D8F6D2700C831E1 /* FileManagerUITests */,
				8B598BAB1D8F6D2600C831E1 /* Products */,
			);
			sourceTree = "<group>";
		};
		8B598BAB1D8F6D2600C831E1 /* Products */ = {
			isa = PBXGroup;
			children = (
				8B598BAA1D8F6D2600C831E1 /* FileManager.app */,
				8B598BC31D8F6D2700C831E1 /* FileManagerTests.xctest */,
				8B598BCE1D8F6D2700C831E1 /* FileManagerUITests.xctest */,
			);
			name = Products;
			sourceTree = "<group>";
		};
		8B598BAC1D8F6D2600C831E1 /* FileManager */ = {
			isa = PBXGroup;
			children = (
				8B598BB01D8F6D2600C831E1 /* AppDelegate.h */,
				8B598BB11D8F6D2600C831E1 /* AppDelegate.m */,
				8B598BB31D8F6D2600C831E1 /* ViewController.h */,
				8B598BB41D8F6D2600C831E1 /* ViewController.m */,
				8B598BE01D8F6D4500C831E1 /* FileManger.h */,
				8B598BE11D8F6D4500C831E1 /* FileManger.m */,
				8B598BB61D8F6D2600C831E1 /* Main.storyboard */,
				8B598BB91D8F6D2600C831E1 /* Assets.xcassets */,
				8B598BBB1D8F6D2600C831E1 /* LaunchScreen.storyboard */,
				8B598BBE1D8F6D2600C831E1 /* Info.plist */,
				8B598BAD1D8F6D2600C831E1 /* Supporting Files */,
			);
			path = FileManager;
			sourceTree = "<group>";
		};
		8B598BAD1D8F6D2600C831E1 /* Supporting Files */ = {
			isa = PBXGroup;
			children = (
				8B598BAE1D8F6D2600C831E1 /* main.m */,
			);
			name = "Supporting Files";
			sourceTree = "<group>";
		};
		8B598BC61D8F6D2700C831E1 /* FileManagerTests */ = {
			isa = PBXGroup;
			children = (
				8B598BC71D8F6D2700C831E1 /* FileManagerTests.m */,
				8B598BC91D8F6D2700C831E1 /* Info.plist */,
			);
			path = FileManagerTests;
			sourceTree = "<group>";
		};
		8B598BD11D8F6D2700C831E1 /* FileManagerUITests */ = {
			isa = PBXGroup;
			children = (
				8B598BD21D8F6D2700C831E1 /* FileManagerUITests.m */,
				8B598BD41D8F6D2700C831E1 /* Info.plist */,
			);
			path = FileManagerUITests;
			sourceTree = "<group>";
		};
/* End PBXGroup section */

/* Begin PBXNativeTarget section */
		8B598BA91D8F6D2600C831E1 /* FileManager */ = {
			isa = PBXNativeTarget;
			buildConfigurationList = 8B598BD71D8F6D2700C831E1 /* Build configuration list for PBXNativeTarget "FileManager" */;
			buildPhases = (
				8B598BA61D8F6D2600C831E1 /* Sources */,
				8B598BA71D8F6D2600C831E1 /* Frameworks */,
				8B598BA81D8F6D2600C831E1 /* Resources */,
			);
			buildRules = (
			);
			dependencies = (
			);
			name = FileManager;
			productName = FileManager;
			productReference = 8B598BAA1D8F6D2600C831E1 /* FileManager.app */;
			productType = "com.apple.product-type.application";
		};
		8B598BC21D8F6D2700C831E1 /* FileManagerTests */ = {
			isa = PBXNativeTarget;
			buildConfigurationList = 8B598BDA1D8F6D2700C831E1 /* Build configuration list for PBXNativeTarget "FileManagerTests" */;
			buildPhases = (
				8B598BBF1D8F6D2700C831E1 /* Sources */,
				8B598BC01D8F6D2700C831E1 /* Frameworks */,
				8B598BC11D8F6D2700C831E1 /* Resources */,
			);
			buildRules = (
			);
			dependencies = (
				8B598BC51D8F6D2700C831E1 /* PBXTargetDependency */,
			);
			name = FileManagerTests;
			productName = FileManagerTests;
			productReference = 8B598BC31D8F6D2700C831E1 /* FileManagerTests.xctest */;
			productType = "com.apple.product-type.bundle.unit-test";
		};
		8B598BCD1D8F6D2700C831E1 /* FileManagerUITests */ = {
			isa = PBXNativeTarget;
			buildConfigurationList = 8B598BDD1D8F6D2700C831E1 /* Build configuration list for PBXNativeTarget "FileManagerUITests" */;
			buildPhases = (
				8B598BCA1D8F6D2700C831E1 /* Sources */,
				8B598BCB1D8F6D2700C831E1 /* Frameworks */,
				8B598BCC1D8F6D2700C831E1 /* Resources */,
			);
			buildRules = (
			);
			dependencies = (
				8B598BD01D8F6D2700C831E1 /* PBXTargetDependency */,
			);
			name = FileManagerUITests;
			productName = FileManagerUITests;
			productReference = 8B598BCE1D8F6D2700C831E1 /* FileManagerUITests.xctest */;
			productType = "com.apple.product-type.bundle.ui-testing";
		};
/* End PBXNativeTarget section */

/* Begin PBXProject section */
		8B598BA21D8F6D2600C831E1 /* Project object */ = {
			isa = PBXProject;
			attributes = {
				LastUpgradeCheck = 0730;
				ORGANIZATIONNAME = ITPanda;
				TargetAttributes = {
					8B598BA91D8F6D2600C831E1 = {
						CreatedOnToolsVersion = 7.3.1;
						DevelopmentTeam = X4435MZ82Y;
					};
					8B598BC21D8F6D2700C831E1 = {
						CreatedOnToolsVersion = 7.3.1;
						DevelopmentTeam = X4435MZ82Y;
						TestTargetID = 8B598BA91D8F6D2600C831E1;
					};
					8B598BCD1D8F6D2700C831E1 = {
						CreatedOnToolsVersion = 7.3.1;
						DevelopmentTeam = X4435MZ82Y;
						TestTargetID = 8B598BA91D8F6D2600C831E1;
					};
				};
			};
			buildConfigurationList = 8B598BA51D8F6D2600C831E1 /* Build configuration list for PBXProject "FileManager" */;
			compatibilityVersion = "Xcode 3.2";
			developmentRegion = English;
			hasScannedForEncodings = 0;
			knownRegions = (
				en,
				Base,
			);
			mainGroup = 8B598BA11D8F6D2600C831E1;
			productRefGroup = 8B598BAB1D8F6D2600C831E1 /* Products */;
			projectDirPath = "";
			projectRoot = "";
			targets = (
				8B598BA91D8F6D2600C831E1 /* FileManager */,
				8B598BC21D8F6D2700C831E1 /* FileManagerTests */,
				8B598BCD1D8F6D2700C831E1 /* FileManagerUITests */,
			);
		};
/* End PBXProject section */

/* Begin PBXResourcesBuildPhase section */
		8B598BA81D8F6D2600C831E1 /* Resources */ = {
			isa = PBXResourcesBuildPhase;
			buildActionMask = 2147483647;
			files = (
				8B598BBD1D8F6D2600C831E1 /* LaunchScreen.storyboard in Resources */,
				8B598BBA1D8F6D2600C831E1 /* Assets.xcassets in Resources */,
				8B598BB81D8F6D2600C831E1 /* Main.storyboard in Resources */,
			);
			runOnlyForDeploymentPostprocessing = 0;
		};
		8B598BC11D8F6D2700C831E1 /* Resources */ = {
			isa = PBXResourcesBuildPhase;
			buildActionMask = 2147483647;
			files = (
			);
			runOnlyForDeploymentPostprocessing = 0;
		};
		8B598BCC1D8F6D2700C831E1 /* Resources */ = {
			isa = PBXResourcesBuildPhase;
			buildActionMask = 2147483647;
			files = (
			);
			runOnlyForDeploymentPostprocessing = 0;
		};
/* End PBXResourcesBuildPhase section */

/* Begin PBXSourcesBuildPhase section */
		8B598BA61D8F6D2600C831E1 /* Sources */ = {
			isa = PBXSourcesBuildPhase;
			buildActionMask = 2147483647;
			files = (
				8B598BB51D8F6D2600C831E1 /* ViewController.m in Sources */,
				8B598BE21D8F6D4500C831E1 /* FileManger.m in Sources */,
				8B598BB21D8F6D2600C831E1 /* AppDelegate.m in Sources */,
				8B598BAF1D8F6D2600C831E1 /* main.m in Sources */,
			);
			runOnlyForDeploymentPostprocessing = 0;
		};
		8B598BBF1D8F6D2700C831E1 /* Sources */ = {
			isa = PBXSourcesBuildPhase;
			buildActionMask = 2147483647;
			files = (
				8B598BC81D8F6D2700C831E1 /* FileManagerTests.m in Sources */,
			);
			runOnlyForDeploymentPostprocessing = 0;
		};
		8B598BCA1D8F6D2700C831E1 /* Sources */ = {
			isa = PBXSourcesBuildPhase;
			buildActionMask = 2147483647;
			files = (
				8B598BD31D8F6D2700C831E1 /* FileManagerUITests.m in Sources */,
			);
			runOnlyForDeploymentPostprocessing = 0;
		};
/* End PBXSourcesBuildPhase section */

/* Begin PBXTargetDependency section */
		8B598BC51D8F6D2700C831E1 /* PBXTargetDependency */ = {
			isa = PBXTargetDependency;
			target = 8B598BA91D8F6D2600C831E1 /* FileManager */;
			targetProxy = 8B598BC41D8F6D2700C831E1 /* PBXContainerItemProxy */;
		};
		8B598BD01D8F6D2700C831E1 /* PBXTargetDependency */ = {
			isa = PBXTargetDependency;
			target = 8B598BA91D8F6D2600C831E1 /* FileManager */;
			targetProxy = 8B598BCF1D8F6D2700C831E1 /* PBXContainerItemProxy */;
		};
/* End PBXTargetDependency section */

/* Begin PBXVariantGroup section */
		8B598BB61D8F6D2600C831E1 /* Main.storyboard */ = {
			isa = PBXVariantGroup;
			children = (
				8B598BB71D8F6D2600C831E1 /* Base */,
			);
			name = Main.storyboard;
			sourceTree = "<group>";
		};
		8B598BBB1D8F6D2600C831E1 /* LaunchScreen.storyboard */ = {
			isa = PBXVariantGroup;
			children = (
				8B598BBC1D8F6D2600C831E1 /* Base */,
			);
			name = LaunchScreen.storyboard;
			sourceTree = "<group>";
		};
/* End PBXVariantGroup section */

/* Begin XCBuildConfiguration section */
		8B598BD51D8F6D2700C831E1 /* Debug */ = {
			isa = XCBuildConfiguration;
			buildSettings = {
				ALWAYS_SEARCH_USER_PATHS = NO;
				CLANG_ANALYZER_NONNULL = YES;
				CLANG_CXX_LANGUAGE_STANDARD = "gnu++0x";
				CLANG_CXX_LIBRARY = "libc++";
				CLANG_ENABLE_MODULES = YES;
				CLANG_ENABLE_OBJC_ARC = YES;
				CLANG_WARN_BOOL_CONVERSION = YES;
				CLANG_WARN_CONSTANT_CONVERSION = YES;
				CLANG_WARN_DIRECT_OBJC_ISA_USAGE = YES_ERROR;
				CLANG_WARN_EMPTY_BODY = YES;
				CLANG_WARN_ENUM_CONVERSION = YES;
				CLANG_WARN_INT_CONVERSION = YES;
				CLANG_WARN_OBJC_ROOT_CLASS = YES_ERROR;
				CLANG_WARN_UNREACHABLE_CODE = YES;
				CLANG_WARN__DUPLICATE_METHOD_MATCH = YES;
				"CODE_SIGN_IDENTITY[sdk=iphoneos*]" = "iPhone Developer";
				COPY_PHASE_STRIP = NO;
				DEBUG_INFORMATION_FORMAT = dwarf;
				ENABLE_STRICT_OBJC_MSGSEND = YES;
				ENABLE_TESTABILITY = YES;
				GCC_C_LANGUAGE_STANDARD = gnu99;
				GCC_DYNAMIC_NO_PIC = NO;
				GCC_NO_COMMON_BLOCKS = YES;
				GCC_OPTIMIZATION_LEVEL = 0;
				GCC_PREPROCESSOR_DEFINITIONS = (
					"DEBUG=1",
					"$(inherited)",
				);
				GCC_WARN_64_TO_32_BIT_CONVERSION = YES;
				GCC_WARN_ABOUT_RETURN_TYPE = YES_ERROR;
				GCC_WARN_UNDECLARED_SELECTOR = YES;
				GCC_WARN_UNINITIALIZED_AUTOS = YES_AGGRESSIVE;
				GCC_WARN_UNUSED_FUNCTION = YES;
				GCC_WARN_UNUSED_VARIABLE = YES;
				IPHONEOS_DEPLOYMENT_TARGET = 9.3;
				MTL_ENABLE_DEBUG_INFO = YES;
				ONLY_ACTIVE_ARCH = YES;
				SDKROOT = iphoneos;
				TARGETED_DEVICE_FAMILY = "1,2";
			};
			name = Debug;
		};
		8B598BD61D8F6D2700C831E1 /* Release */ = {
			isa = XCBuildConfiguration;
			buildSettings = {
				ALWAYS_SEARCH_USER_PATHS = NO;
				CLANG_ANALYZER_NONNULL = YES;
				CLANG_CXX_LANGUAGE_STANDARD = "gnu++0x";
				CLANG_CXX_LIBRARY = "libc++";
				CLANG_ENABLE_MODULES = YES;
				CLANG_ENABLE_OBJC_ARC = YES;
				CLANG_WARN_BOOL_CONVERSION = YES;
				CLANG_WARN_CONSTANT_CONVERSION = YES;
				CLANG_WARN_DIRECT_OBJC_ISA_USAGE = YES_ERROR;
				CLANG_WARN_EMPTY_BODY = YES;
				CLANG_WARN_ENUM_CONVERSION = YES;
				CLANG_WARN_INT_CONVERSION = YES;
				CLANG_WARN_OBJC_ROOT_CLASS = YES_ERROR;
				CLANG_WARN_UNREACHABLE_CODE = YES;
				CLANG_WARN__DUPLICATE_METHOD_MATCH = YES;
				"CODE_SIGN_IDENTITY[sdk=iphoneos*]" = "iPhone Developer";
				COPY_PHASE_STRIP = NO;
				DEBUG_INFORMATION_FORMAT = "dwarf-with-dsym";
				ENABLE_NS_ASSERTIONS = NO;
				ENABLE_STRICT_OBJC_MSGSEND = YES;
				GCC_C_LANGUAGE_STANDARD = gnu99;
				GCC_NO_COMMON_BLOCKS = YES;
				GCC_WARN_64_TO_32_BIT_CONVERSION = YES;
				GCC_WARN_ABOUT_RETURN_TYPE = YES_ERROR;
				GCC_WARN_UNDECLARED_SELECTOR = YES;
				GCC_WARN_UNINITIALIZED_AUTOS = YES_AGGRESSIVE;
				GCC_WARN_UNUSED_FUNCTION = YES;
				GCC_WARN_UNUSED_VARIABLE = YES;
				IPHONEOS_DEPLOYMENT_TARGET = 9.3;
				MTL_ENABLE_DEBUG_INFO = NO;
				SDKROOT = iphoneos;
				TARGETED_DEVICE_FAMILY = "1,2";
				VALIDATE_PRODUCT = YES;
			};
			name = Release;
		};
		8B598BD81D8F6D2700C831E1 /* Debug */ = {
			isa = XCBuildConfiguration;
			buildSettings = {
				ASSETCATALOG_COMPILER_APPICON_NAME = AppIcon;
				INFOPLIST_FILE = FileManager/Info.plist;
				LD_RUNPATH_SEARCH_PATHS = "$(inherited) @executable_path/Frameworks";
				PRODUCT_BUNDLE_IDENTIFIER = "IT-Panda.FileManager";
				PRODUCT_NAME = "$(TARGET_NAME)";
			};
			name = Debug;
		};
		8B598BD91D8F6D2700C831E1 /* Release */ = {
			isa = XCBuildConfiguration;
			buildSettings = {
				ASSETCATALOG_COMPILER_APPICON_NAME = AppIcon;
				INFOPLIST_FILE = FileManager/Info.plist;
				LD_RUNPATH_SEARCH_PATHS = "$(inherited) @executable_path/Frameworks";
				PRODUCT_BUNDLE_IDENTIFIER = "IT-Panda.FileManager";
				PRODUCT_NAME = "$(TARGET_NAME)";
			};
			name = Release;
		};
		8B598BDB1D8F6D2700C831E1 /* Debug */ = {
			isa = XCBuildConfiguration;
			buildSettings = {
				BUNDLE_LOADER = "$(TEST_HOST)";
				INFOPLIST_FILE = FileManagerTests/Info.plist;
				LD_RUNPATH_SEARCH_PATHS = "$(inherited) @executable_path/Frameworks @loader_path/Frameworks";
				PRODUCT_BUNDLE_IDENTIFIER = "IT-Panda.FileManagerTests";
				PRODUCT_NAME = "$(TARGET_NAME)";
				TEST_HOST = "$(BUILT_PRODUCTS_DIR)/FileManager.app/FileManager";
			};
			name = Debug;
		};
		8B598BDC1D8F6D2700C831E1 /* Release */ = {
			isa = XCBuildConfiguration;
			buildSettings = {
				BUNDLE_LOADER = "$(TEST_HOST)";
				INFOPLIST_FILE = FileManagerTests/Info.plist;
				LD_RUNPATH_SEARCH_PATHS = "$(inherited) @executable_path/Frameworks @loader_path/Frameworks";
				PRODUCT_BUNDLE_IDENTIFIER = "IT-Panda.FileManagerTests";
				PRODUCT_NAME = "$(TARGET_NAME)";
				TEST_HOST = "$(BUILT_PRODUCTS_DIR)/FileManager.app/FileManager";
			};
			name = Release;
		};
		8B598BDE1D8F6D2700C831E1 /* Debug */ = {
			isa = XCBuildConfiguration;
			buildSettings = {
				INFOPLIST_FILE = FileManagerUITests/Info.plist;
				LD_RUNPATH_SEARCH_PATHS = "$(inherited) @executable_path/Frameworks @loader_path/Frameworks";
				PRODUCT_BUNDLE_IDENTIFIER = "IT-Panda.FileManagerUITests";
				PRODUCT_NAME = "$(TARGET_NAME)";
				TEST_TARGET_NAME = FileManager;
			};
			name = Debug;
		};
		8B598BDF1D8F6D2700C831E1 /* Release */ = {
			isa = XCBuildConfiguration;
			buildSettings = {
				INFOPLIST_FILE = FileManagerUITests/Info.plist;
				LD_RUNPATH_SEARCH_PATHS = "$(inherited) @executable_path/Frameworks @loader_path/Frameworks";
				PRODUCT_BUNDLE_IDENTIFIER = "IT-Panda.FileManagerUITests";
				PRODUCT_NAME = "$(TARGET_NAME)";
				TEST_TARGET_NAME = FileManager;
			};
			name = Release;
		};
/* End XCBuildConfiguration section */

/* Begin XCConfigurationList section */
		8B598BA51D8F6D2600C831E1 /* Build configuration list for PBXProject "FileManager" */ = {
			isa = XCConfigurationList;
			buildConfigurations = (
				8B598BD51D8F6D2700C831E1 /* Debug */,
				8B598BD61D8F6D2700C831E1 /* Release */,
			);
			defaultConfigurationIsVisible = 0;
			defaultConfigurationName = Release;
		};
		8B598BD71D8F6D2700C831E1 /* Build configuration list for PBXNativeTarget "FileManager" */ = {
			isa = XCConfigurationList;
			buildConfigurations = (
				8B598BD81D8F6D2700C831E1 /* Debug */,
				8B598BD91D8F6D2700C831E1 /* Release */,
			);
			defaultConfigurationIsVisible = 0;
		};
		8B598BDA1D8F6D2700C831E1 /* Build configuration list for PBXNativeTarget "FileManagerTests" */ = {
			isa = XCConfigurationList;
			buildConfigurations = (
				8B598BDB1D8F6D2700C831E1 /* Debug */,
				8B598BDC1D8F6D2700C831E1 /* Release */,
			);
			defaultConfigurationIsVisible = 0;
		};
		8B598BDD1D8F6D2700C831E1 /* Build configuration list for PBXNativeTarget "FileManagerUITests" */ = {
			isa = XCConfigurationList;
			buildConfigurations = (
				8B598BDE1D8F6D2700C831E1 /* Debug */,
				8B598BDF1D8F6D2700C831E1 /* Release */,
			);
			defaultConfigurationIsVisible = 0;
		};
/* End XCConfigurationList section */
	};
	rootObject = 8B598BA21D8F6D2600C831E1 /* Project object */;
}
