// !$*UTF8*$!
{
	archiveVersion = 1;
	classes = {
	};
	objectVersion = 46;
	objects = {

/* Begin PBXBuildFile section */
		8B4B16B31D36209100F4816F /* main.m in Sources */ = {isa = PBXBuildFile; fileRef = 8B4B16B21D36209100F4816F /* main.m */; };
		8B4B16B61D36209100F4816F /* AppDelegate.m in Sources */ = {isa = PBXBuildFile; fileRef = 8B4B16B51D36209100F4816F /* AppDelegate.m */; };
		8B4B16B91D36209100F4816F /* ViewController.m in Sources */ = {isa = PBXBuildFile; fileRef = 8B4B16B81D36209100F4816F /* ViewController.m */; };
		8B4B16BC1D36209100F4816F /* Main.storyboard in Resources */ = {isa = PBXBuildFile; fileRef = 8B4B16BA1D36209100F4816F /* Main.storyboard */; };
		8B4B16BE1D36209100F4816F /* Assets.xcassets in Resources */ = {isa = PBXBuildFile; fileRef = 8B4B16BD1D36209100F4816F /* Assets.xcassets */; };
		8B4B16C11D36209100F4816F /* LaunchScreen.storyboard in Resources */ = {isa = PBXBuildFile; fileRef = 8B4B16BF1D36209100F4816F /* LaunchScreen.storyboard */; };
		8B4B16CC1D36209100F4816F /* UIButtonTests.m in Sources */ = {isa = PBXBuildFile; fileRef = 8B4B16CB1D36209100F4816F /* UIButtonTests.m */; };
		8B4B16D71D36209100F4816F /* UIButtonUITests.m in Sources */ = {isa = PBXBuildFile; fileRef = 8B4B16D61D36209100F4816F /* UIButtonUITests.m */; };
		8B4B16FD1D36396600F4816F /* 🐱1.JPG in Resources */ = {isa = PBXBuildFile; fileRef = 8B4B16F71D36396600F4816F /* 🐱1.JPG */; };
		8B4B16FE1D36396600F4816F /* 🐱1.JPG in Resources */ = {isa = PBXBuildFile; fileRef = 8B4B16F71D36396600F4816F /* 🐱1.JPG */; };
		8B4B16FF1D36396600F4816F /* 🐱1.JPG in Resources */ = {isa = PBXBuildFile; fileRef = 8B4B16F71D36396600F4816F /* 🐱1.JPG */; };
		8B4B17001D36396600F4816F /* 🐱2.JPG in Resources */ = {isa = PBXBuildFile; fileRef = 8B4B16F81D36396600F4816F /* 🐱2.JPG */; };
		8B4B17011D36396600F4816F /* 🐱2.JPG in Resources */ = {isa = PBXBuildFile; fileRef = 8B4B16F81D36396600F4816F /* 🐱2.JPG */; };
		8B4B17021D36396600F4816F /* 🐱2.JPG in Resources */ = {isa = PBXBuildFile; fileRef = 8B4B16F81D36396600F4816F /* 🐱2.JPG */; };
		8B4B17031D36396600F4816F /* 🐶.JPG in Resources */ = {isa = PBXBuildFile; fileRef = 8B4B16F91D36396600F4816F /* 🐶.JPG */; };
		8B4B17041D36396600F4816F /* 🐶.JPG in Resources */ = {isa = PBXBuildFile; fileRef = 8B4B16F91D36396600F4816F /* 🐶.JPG */; };
		8B4B17051D36396600F4816F /* 🐶.JPG in Resources */ = {isa = PBXBuildFile; fileRef = 8B4B16F91D36396600F4816F /* 🐶.JPG */; };
		8B4B17071D3663E300F4816F /* 阿七娃.JPG in Resources */ = {isa = PBXBuildFile; fileRef = 8B4B17061D3663E300F4816F /* 阿七娃.JPG */; };
		8B4B17081D3663E300F4816F /* 阿七娃.JPG in Resources */ = {isa = PBXBuildFile; fileRef = 8B4B17061D3663E300F4816F /* 阿七娃.JPG */; };
		8B4B17091D3663E300F4816F /* 阿七娃.JPG in Resources */ = {isa = PBXBuildFile; fileRef = 8B4B17061D3663E300F4816F /* 阿七娃.JPG */; };
/* End PBXBuildFile section */

/* Begin PBXContainerItemProxy section */
		8B4B16C81D36209100F4816F /* PBXContainerItemProxy */ = {
			isa = PBXContainerItemProxy;
			containerPortal = 8B4B16A61D36209100F4816F /* Project object */;
			proxyType = 1;
			remoteGlobalIDString = 8B4B16AD1D36209100F4816F;
			remoteInfo = UIButton;
		};
		8B4B16D31D36209100F4816F /* PBXContainerItemProxy */ = {
			isa = PBXContainerItemProxy;
			containerPortal = 8B4B16A61D36209100F4816F /* Project object */;
			proxyType = 1;
			remoteGlobalIDString = 8B4B16AD1D36209100F4816F;
			remoteInfo = UIButton;
		};
/* End PBXContainerItemProxy section */

/* Begin PBXFileReference section */
		8B4B16AE1D36209100F4816F /* UIButton.app */ = {isa = PBXFileReference; explicitFileType = wrapper.application; includeInIndex = 0; path = UIButton.app; sourceTree = BUILT_PRODUCTS_DIR; };
		8B4B16B21D36209100F4816F /* main.m */ = {isa = PBXFileReference; lastKnownFileType = sourcecode.c.objc; path = main.m; sourceTree = "<group>"; };
		8B4B16B41D36209100F4816F /* AppDelegate.h */ = {isa = PBXFileReference; lastKnownFileType = sourcecode.c.h; path = AppDelegate.h; sourceTree = "<group>"; };
		8B4B16B51D36209100F4816F /* AppDelegate.m */ = {isa = PBXFileReference; lastKnownFileType = sourcecode.c.objc; path = AppDelegate.m; sourceTree = "<group>"; };
		8B4B16B71D36209100F4816F /* ViewController.h */ = {isa = PBXFileReference; lastKnownFileType = sourcecode.c.h; path = ViewController.h; sourceTree = "<group>"; };
		8B4B16B81D36209100F4816F /* ViewController.m */ = {isa = PBXFileReference; lastKnownFileType = sourcecode.c.objc; path = ViewController.m; sourceTree = "<group>"; };
		8B4B16BB1D36209100F4816F /* Base */ = {isa = PBXFileReference; lastKnownFileType = file.storyboard; name = Base; path = Base.lproj/Main.storyboard; sourceTree = "<group>"; };
		8B4B16BD1D36209100F4816F /* Assets.xcassets */ = {isa = PBXFileReference; lastKnownFileType = folder.assetcatalog; path = Assets.xcassets; sourceTree = "<group>"; };
		8B4B16C01D36209100F4816F /* Base */ = {isa = PBXFileReference; lastKnownFileType = file.storyboard; name = Base; path = Base.lproj/LaunchScreen.storyboard; sourceTree = "<group>"; };
		8B4B16C21D36209100F4816F /* Info.plist */ = {isa = PBXFileReference; lastKnownFileType = text.plist.xml; path = Info.plist; sourceTree = "<group>"; };
		8B4B16C71D36209100F4816F /* UIButtonTests.xctest */ = {isa = PBXFileReference; explicitFileType = wrapper.cfbundle; includeInIndex = 0; path = UIButtonTests.xctest; sourceTree = BUILT_PRODUCTS_DIR; };
		8B4B16CB1D36209100F4816F /* UIButtonTests.m */ = {isa = PBXFileReference; lastKnownFileType = sourcecode.c.objc; path = UIButtonTests.m; sourceTree = "<group>"; };
		8B4B16CD1D36209100F4816F /* Info.plist */ = {isa = PBXFileReference; lastKnownFileType = text.plist.xml; path = Info.plist; sourceTree = "<group>"; };
		8B4B16D21D36209100F4816F /* UIButtonUITests.xctest */ = {isa = PBXFileReference; explicitFileType = wrapper.cfbundle; includeInIndex = 0; path = UIButtonUITests.xctest; sourceTree = BUILT_PRODUCTS_DIR; };
		8B4B16D61D36209100F4816F /* UIButtonUITests.m */ = {isa = PBXFileReference; lastKnownFileType = sourcecode.c.objc; path = UIButtonUITests.m; sourceTree = "<group>"; };
		8B4B16D81D36209100F4816F /* Info.plist */ = {isa = PBXFileReference; lastKnownFileType = text.plist.xml; path = Info.plist; sourceTree = "<group>"; };
		8B4B16F71D36396600F4816F /* 🐱1.JPG */ = {isa = PBXFileReference; lastKnownFileType = image.jpeg; path = "🐱1.JPG"; sourceTree = "<group>"; };
		8B4B16F81D36396600F4816F /* 🐱2.JPG */ = {isa = PBXFileReference; lastKnownFileType = image.jpeg; path = "🐱2.JPG"; sourceTree = "<group>"; };
		8B4B16F91D36396600F4816F /* 🐶.JPG */ = {isa = PBXFileReference; lastKnownFileType = image.jpeg; path = "🐶.JPG"; sourceTree = "<group>"; };
		8B4B17061D3663E300F4816F /* 阿七娃.JPG */ = {isa = PBXFileReference; lastKnownFileType = image.jpeg; path = "阿七娃.JPG"; sourceTree = "<group>"; };
/* End PBXFileReference section */

/* Begin PBXFrameworksBuildPhase section */
		8B4B16AB1D36209100F4816F /* Frameworks */ = {
			isa = PBXFrameworksBuildPhase;
			buildActionMask = 2147483647;
			files = (
			);
			runOnlyForDeploymentPostprocessing = 0;
		};
		8B4B16C41D36209100F4816F /* Frameworks */ = {
			isa = PBXFrameworksBuildPhase;
			buildActionMask = 2147483647;
			files = (
			);
			runOnlyForDeploymentPostprocessing = 0;
		};
		8B4B16CF1D36209100F4816F /* Frameworks */ = {
			isa = PBXFrameworksBuildPhase;
			buildActionMask = 2147483647;
			files = (
			);
			runOnlyForDeploymentPostprocessing = 0;
		};
/* End PBXFrameworksBuildPhase section */

/* Begin PBXGroup section */
		8B4B16A51D36209100F4816F = {
			isa = PBXGroup;
			children = (
				8B4B16B01D36209100F4816F /* UIButton */,
				8B4B16CA1D36209100F4816F /* UIButtonTests */,
				8B4B16D51D36209100F4816F /* UIButtonUITests */,
				8B4B16AF1D36209100F4816F /* Products */,
			);
			sourceTree = "<group>";
		};
		8B4B16AF1D36209100F4816F /* Products */ = {
			isa = PBXGroup;
			children = (
				8B4B16AE1D36209100F4816F /* UIButton.app */,
				8B4B16C71D36209100F4816F /* UIButtonTests.xctest */,
				8B4B16D21D36209100F4816F /* UIButtonUITests.xctest */,
			);
			name = Products;
			sourceTree = "<group>";
		};
		8B4B16B01D36209100F4816F /* UIButton */ = {
			isa = PBXGroup;
			children = (
				8B4B16B41D36209100F4816F /* AppDelegate.h */,
				8B4B16B51D36209100F4816F /* AppDelegate.m */,
				8B4B16B71D36209100F4816F /* ViewController.h */,
				8B4B16B81D36209100F4816F /* ViewController.m */,
				8B4B16BA1D36209100F4816F /* Main.storyboard */,
				8B4B16BD1D36209100F4816F /* Assets.xcassets */,
				8B4B16BF1D36209100F4816F /* LaunchScreen.storyboard */,
				8B4B16C21D36209100F4816F /* Info.plist */,
				8B4B16B11D36209100F4816F /* Supporting Files */,
			);
			path = UIButton;
			sourceTree = "<group>";
		};
		8B4B16B11D36209100F4816F /* Supporting Files */ = {
			isa = PBXGroup;
			children = (
				8B4B16F51D36396600F4816F /* UIButton素材 */,
				8B4B16B21D36209100F4816F /* main.m */,
			);
			name = "Supporting Files";
			sourceTree = "<group>";
		};
		8B4B16CA1D36209100F4816F /* UIButtonTests */ = {
			isa = PBXGroup;
			children = (
				8B4B16CB1D36209100F4816F /* UIButtonTests.m */,
				8B4B16CD1D36209100F4816F /* Info.plist */,
			);
			path = UIButtonTests;
			sourceTree = "<group>";
		};
		8B4B16D51D36209100F4816F /* UIButtonUITests */ = {
			isa = PBXGroup;
			children = (
				8B4B16D61D36209100F4816F /* UIButtonUITests.m */,
				8B4B16D81D36209100F4816F /* Info.plist */,
			);
			path = UIButtonUITests;
			sourceTree = "<group>";
		};
		8B4B16F51D36396600F4816F /* UIButton素材 */ = {
			isa = PBXGroup;
			children = (
				8B4B17061D3663E300F4816F /* 阿七娃.JPG */,
				8B4B16F71D36396600F4816F /* 🐱1.JPG */,
				8B4B16F81D36396600F4816F /* 🐱2.JPG */,
				8B4B16F91D36396600F4816F /* 🐶.JPG */,
			);
			path = "UIButton素材";
			sourceTree = SOURCE_ROOT;
		};
/* End PBXGroup section */

/* Begin PBXNativeTarget section */
		8B4B16AD1D36209100F4816F /* UIButton */ = {
			isa = PBXNativeTarget;
			buildConfigurationList = 8B4B16DB1D36209100F4816F /* Build configuration list for PBXNativeTarget "UIButton" */;
			buildPhases = (
				8B4B16AA1D36209100F4816F /* Sources */,
				8B4B16AB1D36209100F4816F /* Frameworks */,
				8B4B16AC1D36209100F4816F /* Resources */,
			);
			buildRules = (
			);
			dependencies = (
			);
			name = UIButton;
			productName = UIButton;
			productReference = 8B4B16AE1D36209100F4816F /* UIButton.app */;
			productType = "com.apple.product-type.application";
		};
		8B4B16C61D36209100F4816F /* UIButtonTests */ = {
			isa = PBXNativeTarget;
			buildConfigurationList = 8B4B16DE1D36209100F4816F /* Build configuration list for PBXNativeTarget "UIButtonTests" */;
			buildPhases = (
				8B4B16C31D36209100F4816F /* Sources */,
				8B4B16C41D36209100F4816F /* Frameworks */,
				8B4B16C51D36209100F4816F /* Resources */,
			);
			buildRules = (
			);
			dependencies = (
				8B4B16C91D36209100F4816F /* PBXTargetDependency */,
			);
			name = UIButtonTests;
			productName = UIButtonTests;
			productReference = 8B4B16C71D36209100F4816F /* UIButtonTests.xctest */;
			productType = "com.apple.product-type.bundle.unit-test";
		};
		8B4B16D11D36209100F4816F /* UIButtonUITests */ = {
			isa = PBXNativeTarget;
			buildConfigurationList = 8B4B16E11D36209100F4816F /* Build configuration list for PBXNativeTarget "UIButtonUITests" */;
			buildPhases = (
				8B4B16CE1D36209100F4816F /* Sources */,
				8B4B16CF1D36209100F4816F /* Frameworks */,
				8B4B16D01D36209100F4816F /* Resources */,
			);
			buildRules = (
			);
			dependencies = (
				8B4B16D41D36209100F4816F /* PBXTargetDependency */,
			);
			name = UIButtonUITests;
			productName = UIButtonUITests;
			productReference = 8B4B16D21D36209100F4816F /* UIButtonUITests.xctest */;
			productType = "com.apple.product-type.bundle.ui-testing";
		};
/* End PBXNativeTarget section */

/* Begin PBXProject section */
		8B4B16A61D36209100F4816F /* Project object */ = {
			isa = PBXProject;
			attributes = {
				LastUpgradeCheck = 0730;
				ORGANIZATIONNAME = ITPanda;
				TargetAttributes = {
					8B4B16AD1D36209100F4816F = {
						CreatedOnToolsVersion = 7.3.1;
					};
					8B4B16C61D36209100F4816F = {
						CreatedOnToolsVersion = 7.3.1;
						TestTargetID = 8B4B16AD1D36209100F4816F;
					};
					8B4B16D11D36209100F4816F = {
						CreatedOnToolsVersion = 7.3.1;
						TestTargetID = 8B4B16AD1D36209100F4816F;
					};
				};
			};
			buildConfigurationList = 8B4B16A91D36209100F4816F /* Build configuration list for PBXProject "UIButton" */;
			compatibilityVersion = "Xcode 3.2";
			developmentRegion = English;
			hasScannedForEncodings = 0;
			knownRegions = (
				en,
				Base,
			);
			mainGroup = 8B4B16A51D36209100F4816F;
			productRefGroup = 8B4B16AF1D36209100F4816F /* Products */;
			projectDirPath = "";
			projectRoot = "";
			targets = (
				8B4B16AD1D36209100F4816F /* UIButton */,
				8B4B16C61D36209100F4816F /* UIButtonTests */,
				8B4B16D11D36209100F4816F /* UIButtonUITests */,
			);
		};
/* End PBXProject section */

/* Begin PBXResourcesBuildPhase section */
		8B4B16AC1D36209100F4816F /* Resources */ = {
			isa = PBXResourcesBuildPhase;
			buildActionMask = 2147483647;
			files = (
				8B4B17001D36396600F4816F /* 🐱2.JPG in Resources */,
				8B4B16C11D36209100F4816F /* LaunchScreen.storyboard in Resources */,
				8B4B17031D36396600F4816F /* 🐶.JPG in Resources */,
				8B4B16BE1D36209100F4816F /* Assets.xcassets in Resources */,
				8B4B16BC1D36209100F4816F /* Main.storyboard in Resources */,
				8B4B16FD1D36396600F4816F /* 🐱1.JPG in Resources */,
				8B4B17071D3663E300F4816F /* 阿七娃.JPG in Resources */,
			);
			runOnlyForDeploymentPostprocessing = 0;
		};
		8B4B16C51D36209100F4816F /* Resources */ = {
			isa = PBXResourcesBuildPhase;
			buildActionMask = 2147483647;
			files = (
				8B4B17041D36396600F4816F /* 🐶.JPG in Resources */,
				8B4B17011D36396600F4816F /* 🐱2.JPG in Resources */,
				8B4B16FE1D36396600F4816F /* 🐱1.JPG in Resources */,
				8B4B17081D3663E300F4816F /* 阿七娃.JPG in Resources */,
			);
			runOnlyForDeploymentPostprocessing = 0;
		};
		8B4B16D01D36209100F4816F /* Resources */ = {
			isa = PBXResourcesBuildPhase;
			buildActionMask = 2147483647;
			files = (
				8B4B17051D36396600F4816F /* 🐶.JPG in Resources */,
				8B4B17021D36396600F4816F /* 🐱2.JPG in Resources */,
				8B4B16FF1D36396600F4816F /* 🐱1.JPG in Resources */,
				8B4B17091D3663E300F4816F /* 阿七娃.JPG in Resources */,
			);
			runOnlyForDeploymentPostprocessing = 0;
		};
/* End PBXResourcesBuildPhase section */

/* Begin PBXSourcesBuildPhase section */
		8B4B16AA1D36209100F4816F /* Sources */ = {
			isa = PBXSourcesBuildPhase;
			buildActionMask = 2147483647;
			files = (
				8B4B16B91D36209100F4816F /* ViewController.m in Sources */,
				8B4B16B61D36209100F4816F /* AppDelegate.m in Sources */,
				8B4B16B31D36209100F4816F /* main.m in Sources */,
			);
			runOnlyForDeploymentPostprocessing = 0;
		};
		8B4B16C31D36209100F4816F /* Sources */ = {
			isa = PBXSourcesBuildPhase;
			buildActionMask = 2147483647;
			files = (
				8B4B16CC1D36209100F4816F /* UIButtonTests.m in Sources */,
			);
			runOnlyForDeploymentPostprocessing = 0;
		};
		8B4B16CE1D36209100F4816F /* Sources */ = {
			isa = PBXSourcesBuildPhase;
			buildActionMask = 2147483647;
			files = (
				8B4B16D71D36209100F4816F /* UIButtonUITests.m in Sources */,
			);
			runOnlyForDeploymentPostprocessing = 0;
		};
/* End PBXSourcesBuildPhase section */

/* Begin PBXTargetDependency section */
		8B4B16C91D36209100F4816F /* PBXTargetDependency */ = {
			isa = PBXTargetDependency;
			target = 8B4B16AD1D36209100F4816F /* UIButton */;
			targetProxy = 8B4B16C81D36209100F4816F /* PBXContainerItemProxy */;
		};
		8B4B16D41D36209100F4816F /* PBXTargetDependency */ = {
			isa = PBXTargetDependency;
			target = 8B4B16AD1D36209100F4816F /* UIButton */;
			targetProxy = 8B4B16D31D36209100F4816F /* PBXContainerItemProxy */;
		};
/* End PBXTargetDependency section */

/* Begin PBXVariantGroup section */
		8B4B16BA1D36209100F4816F /* Main.storyboard */ = {
			isa = PBXVariantGroup;
			children = (
				8B4B16BB1D36209100F4816F /* Base */,
			);
			name = Main.storyboard;
			sourceTree = "<group>";
		};
		8B4B16BF1D36209100F4816F /* LaunchScreen.storyboard */ = {
			isa = PBXVariantGroup;
			children = (
				8B4B16C01D36209100F4816F /* Base */,
			);
			name = LaunchScreen.storyboard;
			sourceTree = "<group>";
		};
/* End PBXVariantGroup section */

/* Begin XCBuildConfiguration section */
		8B4B16D91D36209100F4816F /* Debug */ = {
			isa = XCBuildConfiguration;
			buildSettings = {
				ALWAYS_SEARCH_USER_PATHS = NO;
				CLANG_ANALYZER_NONNULL = YES;
				CLANG_CXX_LANGUAGE_STANDARD = "gnu++0x";
				CLANG_CXX_LIBRARY = "libc++";
				CLANG_ENABLE_MODULES = YES;
				CLANG_ENABLE_OBJC_ARC = YES;
				CLANG_WARN_BOOL_CONVERSION = YES;
				CLANG_WARN_CONSTANT_CONVERSION = YES;
				CLANG_WARN_DIRECT_OBJC_ISA_USAGE = YES_ERROR;
				CLANG_WARN_EMPTY_BODY = YES;
				CLANG_WARN_ENUM_CONVERSION = YES;
				CLANG_WARN_INT_CONVERSION = YES;
				CLANG_WARN_OBJC_ROOT_CLASS = YES_ERROR;
				CLANG_WARN_UNREACHABLE_CODE = YES;
				CLANG_WARN__DUPLICATE_METHOD_MATCH = YES;
				"CODE_SIGN_IDENTITY[sdk=iphoneos*]" = "iPhone Developer";
				COPY_PHASE_STRIP = NO;
				DEBUG_INFORMATION_FORMAT = dwarf;
				ENABLE_STRICT_OBJC_MSGSEND = YES;
				ENABLE_TESTABILITY = YES;
				GCC_C_LANGUAGE_STANDARD = gnu99;
				GCC_DYNAMIC_NO_PIC = NO;
				GCC_NO_COMMON_BLOCKS = YES;
				GCC_OPTIMIZATION_LEVEL = 0;
				GCC_PREPROCESSOR_DEFINITIONS = (
					"DEBUG=1",
					"$(inherited)",
				);
				GCC_WARN_64_TO_32_BIT_CONVERSION = YES;
				GCC_WARN_ABOUT_RETURN_TYPE = YES_ERROR;
				GCC_WARN_UNDECLARED_SELECTOR = YES;
				GCC_WARN_UNINITIALIZED_AUTOS = YES_AGGRESSIVE;
				GCC_WARN_UNUSED_FUNCTION = YES;
				GCC_WARN_UNUSED_VARIABLE = YES;
				IPHONEOS_DEPLOYMENT_TARGET = 9.3;
				MTL_ENABLE_DEBUG_INFO = YES;
				ONLY_ACTIVE_ARCH = YES;
				SDKROOT = iphoneos;
				TARGETED_DEVICE_FAMILY = "1,2";
			};
			name = Debug;
		};
		8B4B16DA1D36209100F4816F /* Release */ = {
			isa = XCBuildConfiguration;
			buildSettings = {
				ALWAYS_SEARCH_USER_PATHS = NO;
				CLANG_ANALYZER_NONNULL = YES;
				CLANG_CXX_LANGUAGE_STANDARD = "gnu++0x";
				CLANG_CXX_LIBRARY = "libc++";
				CLANG_ENABLE_MODULES = YES;
				CLANG_ENABLE_OBJC_ARC = YES;
				CLANG_WARN_BOOL_CONVERSION = YES;
				CLANG_WARN_CONSTANT_CONVERSION = YES;
				CLANG_WARN_DIRECT_OBJC_ISA_USAGE = YES_ERROR;
				CLANG_WARN_EMPTY_BODY = YES;
				CLANG_WARN_ENUM_CONVERSION = YES;
				CLANG_WARN_INT_CONVERSION = YES;
				CLANG_WARN_OBJC_ROOT_CLASS = YES_ERROR;
				CLANG_WARN_UNREACHABLE_CODE = YES;
				CLANG_WARN__DUPLICATE_METHOD_MATCH = YES;
				"CODE_SIGN_IDENTITY[sdk=iphoneos*]" = "iPhone Developer";
				COPY_PHASE_STRIP = NO;
				DEBUG_INFORMATION_FORMAT = "dwarf-with-dsym";
				ENABLE_NS_ASSERTIONS = NO;
				ENABLE_STRICT_OBJC_MSGSEND = YES;
				GCC_C_LANGUAGE_STANDARD = gnu99;
				GCC_NO_COMMON_BLOCKS = YES;
				GCC_WARN_64_TO_32_BIT_CONVERSION = YES;
				GCC_WARN_ABOUT_RETURN_TYPE = YES_ERROR;
				GCC_WARN_UNDECLARED_SELECTOR = YES;
				GCC_WARN_UNINITIALIZED_AUTOS = YES_AGGRESSIVE;
				GCC_WARN_UNUSED_FUNCTION = YES;
				GCC_WARN_UNUSED_VARIABLE = YES;
				IPHONEOS_DEPLOYMENT_TARGET = 9.3;
				MTL_ENABLE_DEBUG_INFO = NO;
				SDKROOT = iphoneos;
				TARGETED_DEVICE_FAMILY = "1,2";
				VALIDATE_PRODUCT = YES;
			};
			name = Release;
		};
		8B4B16DC1D36209100F4816F /* Debug */ = {
			isa = XCBuildConfiguration;
			buildSettings = {
				ASSETCATALOG_COMPILER_APPICON_NAME = AppIcon;
				INFOPLIST_FILE = UIButton/Info.plist;
				LD_RUNPATH_SEARCH_PATHS = "$(inherited) @executable_path/Frameworks";
				PRODUCT_BUNDLE_IDENTIFIER = "IT-Panda.UIButton";
				PRODUCT_NAME = "$(TARGET_NAME)";
			};
			name = Debug;
		};
		8B4B16DD1D36209100F4816F /* Release */ = {
			isa = XCBuildConfiguration;
			buildSettings = {
				ASSETCATALOG_COMPILER_APPICON_NAME = AppIcon;
				INFOPLIST_FILE = UIButton/Info.plist;
				LD_RUNPATH_SEARCH_PATHS = "$(inherited) @executable_path/Frameworks";
				PRODUCT_BUNDLE_IDENTIFIER = "IT-Panda.UIButton";
				PRODUCT_NAME = "$(TARGET_NAME)";
			};
			name = Release;
		};
		8B4B16DF1D36209100F4816F /* Debug */ = {
			isa = XCBuildConfiguration;
			buildSettings = {
				BUNDLE_LOADER = "$(TEST_HOST)";
				INFOPLIST_FILE = UIButtonTests/Info.plist;
				LD_RUNPATH_SEARCH_PATHS = "$(inherited) @executable_path/Frameworks @loader_path/Frameworks";
				PRODUCT_BUNDLE_IDENTIFIER = "IT-Panda.UIButtonTests";
				PRODUCT_NAME = "$(TARGET_NAME)";
				TEST_HOST = "$(BUILT_PRODUCTS_DIR)/UIButton.app/UIButton";
			};
			name = Debug;
		};
		8B4B16E01D36209100F4816F /* Release */ = {
			isa = XCBuildConfiguration;
			buildSettings = {
				BUNDLE_LOADER = "$(TEST_HOST)";
				INFOPLIST_FILE = UIButtonTests/Info.plist;
				LD_RUNPATH_SEARCH_PATHS = "$(inherited) @executable_path/Frameworks @loader_path/Frameworks";
				PRODUCT_BUNDLE_IDENTIFIER = "IT-Panda.UIButtonTests";
				PRODUCT_NAME = "$(TARGET_NAME)";
				TEST_HOST = "$(BUILT_PRODUCTS_DIR)/UIButton.app/UIButton";
			};
			name = Release;
		};
		8B4B16E21D36209100F4816F /* Debug */ = {
			isa = XCBuildConfiguration;
			buildSettings = {
				INFOPLIST_FILE = UIButtonUITests/Info.plist;
				LD_RUNPATH_SEARCH_PATHS = "$(inherited) @executable_path/Frameworks @loader_path/Frameworks";
				PRODUCT_BUNDLE_IDENTIFIER = "IT-Panda.UIButtonUITests";
				PRODUCT_NAME = "$(TARGET_NAME)";
				TEST_TARGET_NAME = UIButton;
			};
			name = Debug;
		};
		8B4B16E31D36209100F4816F /* Release */ = {
			isa = XCBuildConfiguration;
			buildSettings = {
				INFOPLIST_FILE = UIButtonUITests/Info.plist;
				LD_RUNPATH_SEARCH_PATHS = "$(inherited) @executable_path/Frameworks @loader_path/Frameworks";
				PRODUCT_BUNDLE_IDENTIFIER = "IT-Panda.UIButtonUITests";
				PRODUCT_NAME = "$(TARGET_NAME)";
				TEST_TARGET_NAME = UIButton;
			};
			name = Release;
		};
/* End XCBuildConfiguration section */

/* Begin XCConfigurationList section */
		8B4B16A91D36209100F4816F /* Build configuration list for PBXProject "UIButton" */ = {
			isa = XCConfigurationList;
			buildConfigurations = (
				8B4B16D91D36209100F4816F /* Debug */,
				8B4B16DA1D36209100F4816F /* Release */,
			);
			defaultConfigurationIsVisible = 0;
			defaultConfigurationName = Release;
		};
		8B4B16DB1D36209100F4816F /* Build configuration list for PBXNativeTarget "UIButton" */ = {
			isa = XCConfigurationList;
			buildConfigurations = (
				8B4B16DC1D36209100F4816F /* Debug */,
				8B4B16DD1D36209100F4816F /* Release */,
			);
			defaultConfigurationIsVisible = 0;
		};
		8B4B16DE1D36209100F4816F /* Build configuration list for PBXNativeTarget "UIButtonTests" */ = {
			isa = XCConfigurationList;
			buildConfigurations = (
				8B4B16DF1D36209100F4816F /* Debug */,
				8B4B16E01D36209100F4816F /* Release */,
			);
			defaultConfigurationIsVisible = 0;
		};
		8B4B16E11D36209100F4816F /* Build configuration list for PBXNativeTarget "UIButtonUITests" */ = {
			isa = XCConfigurationList;
			buildConfigurations = (
				8B4B16E21D36209100F4816F /* Debug */,
				8B4B16E31D36209100F4816F /* Release */,
			);
			defaultConfigurationIsVisible = 0;
		};
/* End XCConfigurationList section */
	};
	rootObject = 8B4B16A61D36209100F4816F /* Project object */;
}
