// !$*UTF8*$!
{
	archiveVersion = 1;
	classes = {
	};
	objectVersion = 46;
	objects = {

/* Begin PBXBuildFile section */
		8BF423261D6FF0AB00786DCC /* main.m in Sources */ = {isa = PBXBuildFile; fileRef = 8BF423251D6FF0AB00786DCC /* main.m */; };
		8BF423291D6FF0AB00786DCC /* AppDelegate.m in Sources */ = {isa = PBXBuildFile; fileRef = 8BF423281D6FF0AB00786DCC /* AppDelegate.m */; };
		8BF4232F1D6FF0AB00786DCC /* Main.storyboard in Resources */ = {isa = PBXBuildFile; fileRef = 8BF4232D1D6FF0AB00786DCC /* Main.storyboard */; };
		8BF423311D6FF0AB00786DCC /* Assets.xcassets in Resources */ = {isa = PBXBuildFile; fileRef = 8BF423301D6FF0AB00786DCC /* Assets.xcassets */; };
		8BF423341D6FF0AB00786DCC /* LaunchScreen.storyboard in Resources */ = {isa = PBXBuildFile; fileRef = 8BF423321D6FF0AB00786DCC /* LaunchScreen.storyboard */; };
		8BF4233F1D6FF0AB00786DCC /* GraphicsTests.m in Sources */ = {isa = PBXBuildFile; fileRef = 8BF4233E1D6FF0AB00786DCC /* GraphicsTests.m */; };
		8BF4234A1D6FF0AB00786DCC /* GraphicsUITests.m in Sources */ = {isa = PBXBuildFile; fileRef = 8BF423491D6FF0AB00786DCC /* GraphicsUITests.m */; };
		8BF4235C1D6FF3FE00786DCC /* LineView.m in Sources */ = {isa = PBXBuildFile; fileRef = 8BF4235B1D6FF3FE00786DCC /* LineView.m */; };
		8BF4235F1D7051FA00786DCC /* RectangleView.m in Sources */ = {isa = PBXBuildFile; fileRef = 8BF4235E1D7051FA00786DCC /* RectangleView.m */; };
		8BF423621D70AFB400786DCC /* ShapeView.m in Sources */ = {isa = PBXBuildFile; fileRef = 8BF423611D70AFB400786DCC /* ShapeView.m */; };
		8BF423661D71319B00786DCC /* Circle.m in Sources */ = {isa = PBXBuildFile; fileRef = 8BF423651D71319B00786DCC /* Circle.m */; };
		8BF423691D7141D400786DCC /* CurveView.m in Sources */ = {isa = PBXBuildFile; fileRef = 8BF423681D7141D400786DCC /* CurveView.m */; };
/* End PBXBuildFile section */

/* Begin PBXContainerItemProxy section */
		8BF4233B1D6FF0AB00786DCC /* PBXContainerItemProxy */ = {
			isa = PBXContainerItemProxy;
			containerPortal = 8BF423191D6FF0AA00786DCC /* Project object */;
			proxyType = 1;
			remoteGlobalIDString = 8BF423201D6FF0AA00786DCC;
			remoteInfo = Graphics;
		};
		8BF423461D6FF0AB00786DCC /* PBXContainerItemProxy */ = {
			isa = PBXContainerItemProxy;
			containerPortal = 8BF423191D6FF0AA00786DCC /* Project object */;
			proxyType = 1;
			remoteGlobalIDString = 8BF423201D6FF0AA00786DCC;
			remoteInfo = Graphics;
		};
/* End PBXContainerItemProxy section */

/* Begin PBXFileReference section */
		8BF423211D6FF0AA00786DCC /* Graphics.app */ = {isa = PBXFileReference; explicitFileType = wrapper.application; includeInIndex = 0; path = Graphics.app; sourceTree = BUILT_PRODUCTS_DIR; };
		8BF423251D6FF0AB00786DCC /* main.m */ = {isa = PBXFileReference; lastKnownFileType = sourcecode.c.objc; path = main.m; sourceTree = "<group>"; };
		8BF423271D6FF0AB00786DCC /* AppDelegate.h */ = {isa = PBXFileReference; lastKnownFileType = sourcecode.c.h; path = AppDelegate.h; sourceTree = "<group>"; };
		8BF423281D6FF0AB00786DCC /* AppDelegate.m */ = {isa = PBXFileReference; lastKnownFileType = sourcecode.c.objc; path = AppDelegate.m; sourceTree = "<group>"; };
		8BF4232E1D6FF0AB00786DCC /* Base */ = {isa = PBXFileReference; lastKnownFileType = file.storyboard; name = Base; path = Base.lproj/Main.storyboard; sourceTree = "<group>"; };
		8BF423301D6FF0AB00786DCC /* Assets.xcassets */ = {isa = PBXFileReference; lastKnownFileType = folder.assetcatalog; path = Assets.xcassets; sourceTree = "<group>"; };
		8BF423331D6FF0AB00786DCC /* Base */ = {isa = PBXFileReference; lastKnownFileType = file.storyboard; name = Base; path = Base.lproj/LaunchScreen.storyboard; sourceTree = "<group>"; };
		8BF423351D6FF0AB00786DCC /* Info.plist */ = {isa = PBXFileReference; lastKnownFileType = text.plist.xml; path = Info.plist; sourceTree = "<group>"; };
		8BF4233A1D6FF0AB00786DCC /* GraphicsTests.xctest */ = {isa = PBXFileReference; explicitFileType = wrapper.cfbundle; includeInIndex = 0; path = GraphicsTests.xctest; sourceTree = BUILT_PRODUCTS_DIR; };
		8BF4233E1D6FF0AB00786DCC /* GraphicsTests.m */ = {isa = PBXFileReference; lastKnownFileType = sourcecode.c.objc; path = GraphicsTests.m; sourceTree = "<group>"; };
		8BF423401D6FF0AB00786DCC /* Info.plist */ = {isa = PBXFileReference; lastKnownFileType = text.plist.xml; path = Info.plist; sourceTree = "<group>"; };
		8BF423451D6FF0AB00786DCC /* GraphicsUITests.xctest */ = {isa = PBXFileReference; explicitFileType = wrapper.cfbundle; includeInIndex = 0; path = GraphicsUITests.xctest; sourceTree = BUILT_PRODUCTS_DIR; };
		8BF423491D6FF0AB00786DCC /* GraphicsUITests.m */ = {isa = PBXFileReference; lastKnownFileType = sourcecode.c.objc; path = GraphicsUITests.m; sourceTree = "<group>"; };
		8BF4234B1D6FF0AB00786DCC /* Info.plist */ = {isa = PBXFileReference; lastKnownFileType = text.plist.xml; path = Info.plist; sourceTree = "<group>"; };
		8BF4235A1D6FF3FE00786DCC /* LineView.h */ = {isa = PBXFileReference; fileEncoding = 4; lastKnownFileType = sourcecode.c.h; path = LineView.h; sourceTree = "<group>"; };
		8BF4235B1D6FF3FE00786DCC /* LineView.m */ = {isa = PBXFileReference; fileEncoding = 4; lastKnownFileType = sourcecode.c.objc; path = LineView.m; sourceTree = "<group>"; };
		8BF4235D1D7051FA00786DCC /* RectangleView.h */ = {isa = PBXFileReference; fileEncoding = 4; lastKnownFileType = sourcecode.c.h; path = RectangleView.h; sourceTree = "<group>"; };
		8BF4235E1D7051FA00786DCC /* RectangleView.m */ = {isa = PBXFileReference; fileEncoding = 4; lastKnownFileType = sourcecode.c.objc; path = RectangleView.m; sourceTree = "<group>"; };
		8BF423601D70AFB400786DCC /* ShapeView.h */ = {isa = PBXFileReference; fileEncoding = 4; lastKnownFileType = sourcecode.c.h; path = ShapeView.h; sourceTree = "<group>"; };
		8BF423611D70AFB400786DCC /* ShapeView.m */ = {isa = PBXFileReference; fileEncoding = 4; lastKnownFileType = sourcecode.c.objc; path = ShapeView.m; sourceTree = "<group>"; };
		8BF423641D71319B00786DCC /* Circle.h */ = {isa = PBXFileReference; fileEncoding = 4; lastKnownFileType = sourcecode.c.h; path = Circle.h; sourceTree = "<group>"; };
		8BF423651D71319B00786DCC /* Circle.m */ = {isa = PBXFileReference; fileEncoding = 4; lastKnownFileType = sourcecode.c.objc; path = Circle.m; sourceTree = "<group>"; };
		8BF423671D7141D400786DCC /* CurveView.h */ = {isa = PBXFileReference; fileEncoding = 4; lastKnownFileType = sourcecode.c.h; path = CurveView.h; sourceTree = "<group>"; };
		8BF423681D7141D400786DCC /* CurveView.m */ = {isa = PBXFileReference; fileEncoding = 4; lastKnownFileType = sourcecode.c.objc; path = CurveView.m; sourceTree = "<group>"; };
/* End PBXFileReference section */

/* Begin PBXFrameworksBuildPhase section */
		8BF4231E1D6FF0AA00786DCC /* Frameworks */ = {
			isa = PBXFrameworksBuildPhase;
			buildActionMask = 2147483647;
			files = (
			);
			runOnlyForDeploymentPostprocessing = 0;
		};
		8BF423371D6FF0AB00786DCC /* Frameworks */ = {
			isa = PBXFrameworksBuildPhase;
			buildActionMask = 2147483647;
			files = (
			);
			runOnlyForDeploymentPostprocessing = 0;
		};
		8BF423421D6FF0AB00786DCC /* Frameworks */ = {
			isa = PBXFrameworksBuildPhase;
			buildActionMask = 2147483647;
			files = (
			);
			runOnlyForDeploymentPostprocessing = 0;
		};
/* End PBXFrameworksBuildPhase section */

/* Begin PBXGroup section */
		8BF423181D6FF0AA00786DCC = {
			isa = PBXGroup;
			children = (
				8BF423231D6FF0AA00786DCC /* Graphics */,
				8BF4233D1D6FF0AB00786DCC /* GraphicsTests */,
				8BF423481D6FF0AB00786DCC /* GraphicsUITests */,
				8BF423221D6FF0AA00786DCC /* Products */,
			);
			sourceTree = "<group>";
		};
		8BF423221D6FF0AA00786DCC /* Products */ = {
			isa = PBXGroup;
			children = (
				8BF423211D6FF0AA00786DCC /* Graphics.app */,
				8BF4233A1D6FF0AB00786DCC /* GraphicsTests.xctest */,
				8BF423451D6FF0AB00786DCC /* GraphicsUITests.xctest */,
			);
			name = Products;
			sourceTree = "<group>";
		};
		8BF423231D6FF0AA00786DCC /* Graphics */ = {
			isa = PBXGroup;
			children = (
				8BF423271D6FF0AB00786DCC /* AppDelegate.h */,
				8BF423281D6FF0AB00786DCC /* AppDelegate.m */,
				8BF423631D71315F00786DCC /* views */,
				8BF4232D1D6FF0AB00786DCC /* Main.storyboard */,
				8BF423301D6FF0AB00786DCC /* Assets.xcassets */,
				8BF423321D6FF0AB00786DCC /* LaunchScreen.storyboard */,
				8BF423351D6FF0AB00786DCC /* Info.plist */,
				8BF423241D6FF0AA00786DCC /* Supporting Files */,
			);
			path = Graphics;
			sourceTree = "<group>";
		};
		8BF423241D6FF0AA00786DCC /* Supporting Files */ = {
			isa = PBXGroup;
			children = (
				8BF423251D6FF0AB00786DCC /* main.m */,
			);
			name = "Supporting Files";
			sourceTree = "<group>";
		};
		8BF4233D1D6FF0AB00786DCC /* GraphicsTests */ = {
			isa = PBXGroup;
			children = (
				8BF4233E1D6FF0AB00786DCC /* GraphicsTests.m */,
				8BF423401D6FF0AB00786DCC /* Info.plist */,
			);
			path = GraphicsTests;
			sourceTree = "<group>";
		};
		8BF423481D6FF0AB00786DCC /* GraphicsUITests */ = {
			isa = PBXGroup;
			children = (
				8BF423491D6FF0AB00786DCC /* GraphicsUITests.m */,
				8BF4234B1D6FF0AB00786DCC /* Info.plist */,
			);
			path = GraphicsUITests;
			sourceTree = "<group>";
		};
		8BF423631D71315F00786DCC /* views */ = {
			isa = PBXGroup;
			children = (
				8BF4235A1D6FF3FE00786DCC /* LineView.h */,
				8BF4235B1D6FF3FE00786DCC /* LineView.m */,
				8BF4235D1D7051FA00786DCC /* RectangleView.h */,
				8BF4235E1D7051FA00786DCC /* RectangleView.m */,
				8BF423601D70AFB400786DCC /* ShapeView.h */,
				8BF423611D70AFB400786DCC /* ShapeView.m */,
				8BF423641D71319B00786DCC /* Circle.h */,
				8BF423651D71319B00786DCC /* Circle.m */,
				8BF423671D7141D400786DCC /* CurveView.h */,
				8BF423681D7141D400786DCC /* CurveView.m */,
			);
			name = views;
			sourceTree = "<group>";
		};
/* End PBXGroup section */

/* Begin PBXNativeTarget section */
		8BF423201D6FF0AA00786DCC /* Graphics */ = {
			isa = PBXNativeTarget;
			buildConfigurationList = 8BF4234E1D6FF0AB00786DCC /* Build configuration list for PBXNativeTarget "Graphics" */;
			buildPhases = (
				8BF4231D1D6FF0AA00786DCC /* Sources */,
				8BF4231E1D6FF0AA00786DCC /* Frameworks */,
				8BF4231F1D6FF0AA00786DCC /* Resources */,
			);
			buildRules = (
			);
			dependencies = (
			);
			name = Graphics;
			productName = Graphics;
			productReference = 8BF423211D6FF0AA00786DCC /* Graphics.app */;
			productType = "com.apple.product-type.application";
		};
		8BF423391D6FF0AB00786DCC /* GraphicsTests */ = {
			isa = PBXNativeTarget;
			buildConfigurationList = 8BF423511D6FF0AB00786DCC /* Build configuration list for PBXNativeTarget "GraphicsTests" */;
			buildPhases = (
				8BF423361D6FF0AB00786DCC /* Sources */,
				8BF423371D6FF0AB00786DCC /* Frameworks */,
				8BF423381D6FF0AB00786DCC /* Resources */,
			);
			buildRules = (
			);
			dependencies = (
				8BF4233C1D6FF0AB00786DCC /* PBXTargetDependency */,
			);
			name = GraphicsTests;
			productName = GraphicsTests;
			productReference = 8BF4233A1D6FF0AB00786DCC /* GraphicsTests.xctest */;
			productType = "com.apple.product-type.bundle.unit-test";
		};
		8BF423441D6FF0AB00786DCC /* GraphicsUITests */ = {
			isa = PBXNativeTarget;
			buildConfigurationList = 8BF423541D6FF0AB00786DCC /* Build configuration list for PBXNativeTarget "GraphicsUITests" */;
			buildPhases = (
				8BF423411D6FF0AB00786DCC /* Sources */,
				8BF423421D6FF0AB00786DCC /* Frameworks */,
				8BF423431D6FF0AB00786DCC /* Resources */,
			);
			buildRules = (
			);
			dependencies = (
				8BF423471D6FF0AB00786DCC /* PBXTargetDependency */,
			);
			name = GraphicsUITests;
			productName = GraphicsUITests;
			productReference = 8BF423451D6FF0AB00786DCC /* GraphicsUITests.xctest */;
			productType = "com.apple.product-type.bundle.ui-testing";
		};
/* End PBXNativeTarget section */

/* Begin PBXProject section */
		8BF423191D6FF0AA00786DCC /* Project object */ = {
			isa = PBXProject;
			attributes = {
				LastUpgradeCheck = 0730;
				ORGANIZATIONNAME = ITPanda;
				TargetAttributes = {
					8BF423201D6FF0AA00786DCC = {
						CreatedOnToolsVersion = 7.3.1;
						DevelopmentTeam = X4435MZ82Y;
					};
					8BF423391D6FF0AB00786DCC = {
						CreatedOnToolsVersion = 7.3.1;
						TestTargetID = 8BF423201D6FF0AA00786DCC;
					};
					8BF423441D6FF0AB00786DCC = {
						CreatedOnToolsVersion = 7.3.1;
						TestTargetID = 8BF423201D6FF0AA00786DCC;
					};
				};
			};
			buildConfigurationList = 8BF4231C1D6FF0AA00786DCC /* Build configuration list for PBXProject "Graphics" */;
			compatibilityVersion = "Xcode 3.2";
			developmentRegion = English;
			hasScannedForEncodings = 0;
			knownRegions = (
				en,
				Base,
			);
			mainGroup = 8BF423181D6FF0AA00786DCC;
			productRefGroup = 8BF423221D6FF0AA00786DCC /* Products */;
			projectDirPath = "";
			projectRoot = "";
			targets = (
				8BF423201D6FF0AA00786DCC /* Graphics */,
				8BF423391D6FF0AB00786DCC /* GraphicsTests */,
				8BF423441D6FF0AB00786DCC /* GraphicsUITests */,
			);
		};
/* End PBXProject section */

/* Begin PBXResourcesBuildPhase section */
		8BF4231F1D6FF0AA00786DCC /* Resources */ = {
			isa = PBXResourcesBuildPhase;
			buildActionMask = 2147483647;
			files = (
				8BF423341D6FF0AB00786DCC /* LaunchScreen.storyboard in Resources */,
				8BF423311D6FF0AB00786DCC /* Assets.xcassets in Resources */,
				8BF4232F1D6FF0AB00786DCC /* Main.storyboard in Resources */,
			);
			runOnlyForDeploymentPostprocessing = 0;
		};
		8BF423381D6FF0AB00786DCC /* Resources */ = {
			isa = PBXResourcesBuildPhase;
			buildActionMask = 2147483647;
			files = (
			);
			runOnlyForDeploymentPostprocessing = 0;
		};
		8BF423431D6FF0AB00786DCC /* Resources */ = {
			isa = PBXResourcesBuildPhase;
			buildActionMask = 2147483647;
			files = (
			);
			runOnlyForDeploymentPostprocessing = 0;
		};
/* End PBXResourcesBuildPhase section */

/* Begin PBXSourcesBuildPhase section */
		8BF4231D1D6FF0AA00786DCC /* Sources */ = {
			isa = PBXSourcesBuildPhase;
			buildActionMask = 2147483647;
			files = (
				8BF423291D6FF0AB00786DCC /* AppDelegate.m in Sources */,
				8BF423261D6FF0AB00786DCC /* main.m in Sources */,
				8BF423691D7141D400786DCC /* CurveView.m in Sources */,
				8BF423621D70AFB400786DCC /* ShapeView.m in Sources */,
				8BF423661D71319B00786DCC /* Circle.m in Sources */,
				8BF4235F1D7051FA00786DCC /* RectangleView.m in Sources */,
				8BF4235C1D6FF3FE00786DCC /* LineView.m in Sources */,
			);
			runOnlyForDeploymentPostprocessing = 0;
		};
		8BF423361D6FF0AB00786DCC /* Sources */ = {
			isa = PBXSourcesBuildPhase;
			buildActionMask = 2147483647;
			files = (
				8BF4233F1D6FF0AB00786DCC /* GraphicsTests.m in Sources */,
			);
			runOnlyForDeploymentPostprocessing = 0;
		};
		8BF423411D6FF0AB00786DCC /* Sources */ = {
			isa = PBXSourcesBuildPhase;
			buildActionMask = 2147483647;
			files = (
				8BF4234A1D6FF0AB00786DCC /* GraphicsUITests.m in Sources */,
			);
			runOnlyForDeploymentPostprocessing = 0;
		};
/* End PBXSourcesBuildPhase section */

/* Begin PBXTargetDependency section */
		8BF4233C1D6FF0AB00786DCC /* PBXTargetDependency */ = {
			isa = PBXTargetDependency;
			target = 8BF423201D6FF0AA00786DCC /* Graphics */;
			targetProxy = 8BF4233B1D6FF0AB00786DCC /* PBXContainerItemProxy */;
		};
		8BF423471D6FF0AB00786DCC /* PBXTargetDependency */ = {
			isa = PBXTargetDependency;
			target = 8BF423201D6FF0AA00786DCC /* Graphics */;
			targetProxy = 8BF423461D6FF0AB00786DCC /* PBXContainerItemProxy */;
		};
/* End PBXTargetDependency section */

/* Begin PBXVariantGroup section */
		8BF4232D1D6FF0AB00786DCC /* Main.storyboard */ = {
			isa = PBXVariantGroup;
			children = (
				8BF4232E1D6FF0AB00786DCC /* Base */,
			);
			name = Main.storyboard;
			sourceTree = "<group>";
		};
		8BF423321D6FF0AB00786DCC /* LaunchScreen.storyboard */ = {
			isa = PBXVariantGroup;
			children = (
				8BF423331D6FF0AB00786DCC /* Base */,
			);
			name = LaunchScreen.storyboard;
			sourceTree = "<group>";
		};
/* End PBXVariantGroup section */

/* Begin XCBuildConfiguration section */
		8BF4234C1D6FF0AB00786DCC /* Debug */ = {
			isa = XCBuildConfiguration;
			buildSettings = {
				ALWAYS_SEARCH_USER_PATHS = NO;
				CLANG_ANALYZER_NONNULL = YES;
				CLANG_CXX_LANGUAGE_STANDARD = "gnu++0x";
				CLANG_CXX_LIBRARY = "libc++";
				CLANG_ENABLE_MODULES = YES;
				CLANG_ENABLE_OBJC_ARC = YES;
				CLANG_WARN_BOOL_CONVERSION = YES;
				CLANG_WARN_CONSTANT_CONVERSION = YES;
				CLANG_WARN_DIRECT_OBJC_ISA_USAGE = YES_ERROR;
				CLANG_WARN_EMPTY_BODY = YES;
				CLANG_WARN_ENUM_CONVERSION = YES;
				CLANG_WARN_INT_CONVERSION = YES;
				CLANG_WARN_OBJC_ROOT_CLASS = YES_ERROR;
				CLANG_WARN_UNREACHABLE_CODE = YES;
				CLANG_WARN__DUPLICATE_METHOD_MATCH = YES;
				"CODE_SIGN_IDENTITY[sdk=iphoneos*]" = "iPhone Developer";
				COPY_PHASE_STRIP = NO;
				DEBUG_INFORMATION_FORMAT = dwarf;
				ENABLE_STRICT_OBJC_MSGSEND = YES;
				ENABLE_TESTABILITY = YES;
				GCC_C_LANGUAGE_STANDARD = gnu99;
				GCC_DYNAMIC_NO_PIC = NO;
				GCC_NO_COMMON_BLOCKS = YES;
				GCC_OPTIMIZATION_LEVEL = 0;
				GCC_PREPROCESSOR_DEFINITIONS = (
					"DEBUG=1",
					"$(inherited)",
				);
				GCC_WARN_64_TO_32_BIT_CONVERSION = YES;
				GCC_WARN_ABOUT_RETURN_TYPE = YES_ERROR;
				GCC_WARN_UNDECLARED_SELECTOR = YES;
				GCC_WARN_UNINITIALIZED_AUTOS = YES_AGGRESSIVE;
				GCC_WARN_UNUSED_FUNCTION = YES;
				GCC_WARN_UNUSED_VARIABLE = YES;
				IPHONEOS_DEPLOYMENT_TARGET = 9.3;
				MTL_ENABLE_DEBUG_INFO = YES;
				ONLY_ACTIVE_ARCH = YES;
				SDKROOT = iphoneos;
				TARGETED_DEVICE_FAMILY = "1,2";
			};
			name = Debug;
		};
		8BF4234D1D6FF0AB00786DCC /* Release */ = {
			isa = XCBuildConfiguration;
			buildSettings = {
				ALWAYS_SEARCH_USER_PATHS = NO;
				CLANG_ANALYZER_NONNULL = YES;
				CLANG_CXX_LANGUAGE_STANDARD = "gnu++0x";
				CLANG_CXX_LIBRARY = "libc++";
				CLANG_ENABLE_MODULES = YES;
				CLANG_ENABLE_OBJC_ARC = YES;
				CLANG_WARN_BOOL_CONVERSION = YES;
				CLANG_WARN_CONSTANT_CONVERSION = YES;
				CLANG_WARN_DIRECT_OBJC_ISA_USAGE = YES_ERROR;
				CLANG_WARN_EMPTY_BODY = YES;
				CLANG_WARN_ENUM_CONVERSION = YES;
				CLANG_WARN_INT_CONVERSION = YES;
				CLANG_WARN_OBJC_ROOT_CLASS = YES_ERROR;
				CLANG_WARN_UNREACHABLE_CODE = YES;
				CLANG_WARN__DUPLICATE_METHOD_MATCH = YES;
				"CODE_SIGN_IDENTITY[sdk=iphoneos*]" = "iPhone Developer";
				COPY_PHASE_STRIP = NO;
				DEBUG_INFORMATION_FORMAT = "dwarf-with-dsym";
				ENABLE_NS_ASSERTIONS = NO;
				ENABLE_STRICT_OBJC_MSGSEND = YES;
				GCC_C_LANGUAGE_STANDARD = gnu99;
				GCC_NO_COMMON_BLOCKS = YES;
				GCC_WARN_64_TO_32_BIT_CONVERSION = YES;
				GCC_WARN_ABOUT_RETURN_TYPE = YES_ERROR;
				GCC_WARN_UNDECLARED_SELECTOR = YES;
				GCC_WARN_UNINITIALIZED_AUTOS = YES_AGGRESSIVE;
				GCC_WARN_UNUSED_FUNCTION = YES;
				GCC_WARN_UNUSED_VARIABLE = YES;
				IPHONEOS_DEPLOYMENT_TARGET = 9.3;
				MTL_ENABLE_DEBUG_INFO = NO;
				SDKROOT = iphoneos;
				TARGETED_DEVICE_FAMILY = "1,2";
				VALIDATE_PRODUCT = YES;
			};
			name = Release;
		};
		8BF4234F1D6FF0AB00786DCC /* Debug */ = {
			isa = XCBuildConfiguration;
			buildSettings = {
				ASSETCATALOG_COMPILER_APPICON_NAME = AppIcon;
				CODE_SIGN_IDENTITY = "iPhone Developer";
				"CODE_SIGN_IDENTITY[sdk=iphoneos*]" = "iPhone Developer";
				INFOPLIST_FILE = Graphics/Info.plist;
				LD_RUNPATH_SEARCH_PATHS = "$(inherited) @executable_path/Frameworks";
				PRODUCT_BUNDLE_IDENTIFIER = "IT-Panda.Graphics";
				PRODUCT_NAME = "$(TARGET_NAME)";
				PROVISIONING_PROFILE = "";
			};
			name = Debug;
		};
		8BF423501D6FF0AB00786DCC /* Release */ = {
			isa = XCBuildConfiguration;
			buildSettings = {
				ASSETCATALOG_COMPILER_APPICON_NAME = AppIcon;
				CODE_SIGN_IDENTITY = "iPhone Developer";
				"CODE_SIGN_IDENTITY[sdk=iphoneos*]" = "iPhone Developer";
				INFOPLIST_FILE = Graphics/Info.plist;
				LD_RUNPATH_SEARCH_PATHS = "$(inherited) @executable_path/Frameworks";
				PRODUCT_BUNDLE_IDENTIFIER = "IT-Panda.Graphics";
				PRODUCT_NAME = "$(TARGET_NAME)";
				PROVISIONING_PROFILE = "";
			};
			name = Release;
		};
		8BF423521D6FF0AB00786DCC /* Debug */ = {
			isa = XCBuildConfiguration;
			buildSettings = {
				BUNDLE_LOADER = "$(TEST_HOST)";
				INFOPLIST_FILE = GraphicsTests/Info.plist;
				LD_RUNPATH_SEARCH_PATHS = "$(inherited) @executable_path/Frameworks @loader_path/Frameworks";
				PRODUCT_BUNDLE_IDENTIFIER = "IT-Panda.GraphicsTests";
				PRODUCT_NAME = "$(TARGET_NAME)";
				TEST_HOST = "$(BUILT_PRODUCTS_DIR)/Graphics.app/Graphics";
			};
			name = Debug;
		};
		8BF423531D6FF0AB00786DCC /* Release */ = {
			isa = XCBuildConfiguration;
			buildSettings = {
				BUNDLE_LOADER = "$(TEST_HOST)";
				INFOPLIST_FILE = GraphicsTests/Info.plist;
				LD_RUNPATH_SEARCH_PATHS = "$(inherited) @executable_path/Frameworks @loader_path/Frameworks";
				PRODUCT_BUNDLE_IDENTIFIER = "IT-Panda.GraphicsTests";
				PRODUCT_NAME = "$(TARGET_NAME)";
				TEST_HOST = "$(BUILT_PRODUCTS_DIR)/Graphics.app/Graphics";
			};
			name = Release;
		};
		8BF423551D6FF0AB00786DCC /* Debug */ = {
			isa = XCBuildConfiguration;
			buildSettings = {
				INFOPLIST_FILE = GraphicsUITests/Info.plist;
				LD_RUNPATH_SEARCH_PATHS = "$(inherited) @executable_path/Frameworks @loader_path/Frameworks";
				PRODUCT_BUNDLE_IDENTIFIER = "IT-Panda.GraphicsUITests";
				PRODUCT_NAME = "$(TARGET_NAME)";
				TEST_TARGET_NAME = Graphics;
			};
			name = Debug;
		};
		8BF423561D6FF0AB00786DCC /* Release */ = {
			isa = XCBuildConfiguration;
			buildSettings = {
				INFOPLIST_FILE = GraphicsUITests/Info.plist;
				LD_RUNPATH_SEARCH_PATHS = "$(inherited) @executable_path/Frameworks @loader_path/Frameworks";
				PRODUCT_BUNDLE_IDENTIFIER = "IT-Panda.GraphicsUITests";
				PRODUCT_NAME = "$(TARGET_NAME)";
				TEST_TARGET_NAME = Graphics;
			};
			name = Release;
		};
/* End XCBuildConfiguration section */

/* Begin XCConfigurationList section */
		8BF4231C1D6FF0AA00786DCC /* Build configuration list for PBXProject "Graphics" */ = {
			isa = XCConfigurationList;
			buildConfigurations = (
				8BF4234C1D6FF0AB00786DCC /* Debug */,
				8BF4234D1D6FF0AB00786DCC /* Release */,
			);
			defaultConfigurationIsVisible = 0;
			defaultConfigurationName = Release;
		};
		8BF4234E1D6FF0AB00786DCC /* Build configuration list for PBXNativeTarget "Graphics" */ = {
			isa = XCConfigurationList;
			buildConfigurations = (
				8BF4234F1D6FF0AB00786DCC /* Debug */,
				8BF423501D6FF0AB00786DCC /* Release */,
			);
			defaultConfigurationIsVisible = 0;
			defaultConfigurationName = Release;
		};
		8BF423511D6FF0AB00786DCC /* Build configuration list for PBXNativeTarget "GraphicsTests" */ = {
			isa = XCConfigurationList;
			buildConfigurations = (
				8BF423521D6FF0AB00786DCC /* Debug */,
				8BF423531D6FF0AB00786DCC /* Release */,
			);
			defaultConfigurationIsVisible = 0;
			defaultConfigurationName = Release;
		};
		8BF423541D6FF0AB00786DCC /* Build configuration list for PBXNativeTarget "GraphicsUITests" */ = {
			isa = XCConfigurationList;
			buildConfigurations = (
				8BF423551D6FF0AB00786DCC /* Debug */,
				8BF423561D6FF0AB00786DCC /* Release */,
			);
			defaultConfigurationIsVisible = 0;
			defaultConfigurationName = Release;
		};
/* End XCConfigurationList section */
	};
	rootObject = 8BF423191D6FF0AA00786DCC /* Project object */;
}
