// !$*UTF8*$!
{
	archiveVersion = 1;
	classes = {
	};
	objectVersion = 46;
	objects = {

/* Begin PBXBuildFile section */
		8B07EEDC1D962F62005DB9AB /* main.m in Sources */ = {isa = PBXBuildFile; fileRef = 8B07EEDB1D962F62005DB9AB /* main.m */; };
		8B07EEDF1D962F62005DB9AB /* AppDelegate.m in Sources */ = {isa = PBXBuildFile; fileRef = 8B07EEDE1D962F62005DB9AB /* AppDelegate.m */; };
		8B07EEE21D962F62005DB9AB /* ViewController.m in Sources */ = {isa = PBXBuildFile; fileRef = 8B07EEE11D962F62005DB9AB /* ViewController.m */; };
		8B07EEE51D962F62005DB9AB /* Main.storyboard in Resources */ = {isa = PBXBuildFile; fileRef = 8B07EEE31D962F62005DB9AB /* Main.storyboard */; };
		8B07EEE71D962F62005DB9AB /* Assets.xcassets in Resources */ = {isa = PBXBuildFile; fileRef = 8B07EEE61D962F62005DB9AB /* Assets.xcassets */; };
		8B07EEEA1D962F62005DB9AB /* LaunchScreen.storyboard in Resources */ = {isa = PBXBuildFile; fileRef = 8B07EEE81D962F62005DB9AB /* LaunchScreen.storyboard */; };
		8B07EEF51D962F62005DB9AB /* MapKitTestTests.m in Sources */ = {isa = PBXBuildFile; fileRef = 8B07EEF41D962F62005DB9AB /* MapKitTestTests.m */; };
		8B07EF001D962F62005DB9AB /* MapKitTestUITests.m in Sources */ = {isa = PBXBuildFile; fileRef = 8B07EEFF1D962F62005DB9AB /* MapKitTestUITests.m */; };
		8B5C7EC51DC9E7190001A1A5 /* MyAnnotation.m in Sources */ = {isa = PBXBuildFile; fileRef = 8B5C7EC41DC9E7190001A1A5 /* MyAnnotation.m */; };
		8B5C7EC81DC9F91A0001A1A5 /* MyAnnotationView.m in Sources */ = {isa = PBXBuildFile; fileRef = 8B5C7EC71DC9F91A0001A1A5 /* MyAnnotationView.m */; };
/* End PBXBuildFile section */

/* Begin PBXContainerItemProxy section */
		8B07EEF11D962F62005DB9AB /* PBXContainerItemProxy */ = {
			isa = PBXContainerItemProxy;
			containerPortal = 8B07EECF1D962F62005DB9AB /* Project object */;
			proxyType = 1;
			remoteGlobalIDString = 8B07EED61D962F62005DB9AB;
			remoteInfo = MapKitTest;
		};
		8B07EEFC1D962F62005DB9AB /* PBXContainerItemProxy */ = {
			isa = PBXContainerItemProxy;
			containerPortal = 8B07EECF1D962F62005DB9AB /* Project object */;
			proxyType = 1;
			remoteGlobalIDString = 8B07EED61D962F62005DB9AB;
			remoteInfo = MapKitTest;
		};
/* End PBXContainerItemProxy section */

/* Begin PBXFileReference section */
		8B07EED71D962F62005DB9AB /* MapKitTest.app */ = {isa = PBXFileReference; explicitFileType = wrapper.application; includeInIndex = 0; path = MapKitTest.app; sourceTree = BUILT_PRODUCTS_DIR; };
		8B07EEDB1D962F62005DB9AB /* main.m */ = {isa = PBXFileReference; lastKnownFileType = sourcecode.c.objc; path = main.m; sourceTree = "<group>"; };
		8B07EEDD1D962F62005DB9AB /* AppDelegate.h */ = {isa = PBXFileReference; lastKnownFileType = sourcecode.c.h; path = AppDelegate.h; sourceTree = "<group>"; };
		8B07EEDE1D962F62005DB9AB /* AppDelegate.m */ = {isa = PBXFileReference; lastKnownFileType = sourcecode.c.objc; path = AppDelegate.m; sourceTree = "<group>"; };
		8B07EEE01D962F62005DB9AB /* ViewController.h */ = {isa = PBXFileReference; lastKnownFileType = sourcecode.c.h; path = ViewController.h; sourceTree = "<group>"; };
		8B07EEE11D962F62005DB9AB /* ViewController.m */ = {isa = PBXFileReference; lastKnownFileType = sourcecode.c.objc; path = ViewController.m; sourceTree = "<group>"; };
		8B07EEE41D962F62005DB9AB /* Base */ = {isa = PBXFileReference; lastKnownFileType = file.storyboard; name = Base; path = Base.lproj/Main.storyboard; sourceTree = "<group>"; };
		8B07EEE61D962F62005DB9AB /* Assets.xcassets */ = {isa = PBXFileReference; lastKnownFileType = folder.assetcatalog; path = Assets.xcassets; sourceTree = "<group>"; };
		8B07EEE91D962F62005DB9AB /* Base */ = {isa = PBXFileReference; lastKnownFileType = file.storyboard; name = Base; path = Base.lproj/LaunchScreen.storyboard; sourceTree = "<group>"; };
		8B07EEEB1D962F62005DB9AB /* Info.plist */ = {isa = PBXFileReference; lastKnownFileType = text.plist.xml; path = Info.plist; sourceTree = "<group>"; };
		8B07EEF01D962F62005DB9AB /* MapKitTestTests.xctest */ = {isa = PBXFileReference; explicitFileType = wrapper.cfbundle; includeInIndex = 0; path = MapKitTestTests.xctest; sourceTree = BUILT_PRODUCTS_DIR; };
		8B07EEF41D962F62005DB9AB /* MapKitTestTests.m */ = {isa = PBXFileReference; lastKnownFileType = sourcecode.c.objc; path = MapKitTestTests.m; sourceTree = "<group>"; };
		8B07EEF61D962F62005DB9AB /* Info.plist */ = {isa = PBXFileReference; lastKnownFileType = text.plist.xml; path = Info.plist; sourceTree = "<group>"; };
		8B07EEFB1D962F62005DB9AB /* MapKitTestUITests.xctest */ = {isa = PBXFileReference; explicitFileType = wrapper.cfbundle; includeInIndex = 0; path = MapKitTestUITests.xctest; sourceTree = BUILT_PRODUCTS_DIR; };
		8B07EEFF1D962F62005DB9AB /* MapKitTestUITests.m */ = {isa = PBXFileReference; lastKnownFileType = sourcecode.c.objc; path = MapKitTestUITests.m; sourceTree = "<group>"; };
		8B07EF011D962F62005DB9AB /* Info.plist */ = {isa = PBXFileReference; lastKnownFileType = text.plist.xml; path = Info.plist; sourceTree = "<group>"; };
		8B5C7EC31DC9E7190001A1A5 /* MyAnnotation.h */ = {isa = PBXFileReference; fileEncoding = 4; lastKnownFileType = sourcecode.c.h; path = MyAnnotation.h; sourceTree = "<group>"; };
		8B5C7EC41DC9E7190001A1A5 /* MyAnnotation.m */ = {isa = PBXFileReference; fileEncoding = 4; lastKnownFileType = sourcecode.c.objc; path = MyAnnotation.m; sourceTree = "<group>"; };
		8B5C7EC61DC9F91A0001A1A5 /* MyAnnotationView.h */ = {isa = PBXFileReference; fileEncoding = 4; lastKnownFileType = sourcecode.c.h; path = MyAnnotationView.h; sourceTree = "<group>"; };
		8B5C7EC71DC9F91A0001A1A5 /* MyAnnotationView.m */ = {isa = PBXFileReference; fileEncoding = 4; lastKnownFileType = sourcecode.c.objc; path = MyAnnotationView.m; sourceTree = "<group>"; };
/* End PBXFileReference section */

/* Begin PBXFrameworksBuildPhase section */
		8B07EED41D962F62005DB9AB /* Frameworks */ = {
			isa = PBXFrameworksBuildPhase;
			buildActionMask = 2147483647;
			files = (
			);
			runOnlyForDeploymentPostprocessing = 0;
		};
		8B07EEED1D962F62005DB9AB /* Frameworks */ = {
			isa = PBXFrameworksBuildPhase;
			buildActionMask = 2147483647;
			files = (
			);
			runOnlyForDeploymentPostprocessing = 0;
		};
		8B07EEF81D962F62005DB9AB /* Frameworks */ = {
			isa = PBXFrameworksBuildPhase;
			buildActionMask = 2147483647;
			files = (
			);
			runOnlyForDeploymentPostprocessing = 0;
		};
/* End PBXFrameworksBuildPhase section */

/* Begin PBXGroup section */
		8B07EECE1D962F62005DB9AB = {
			isa = PBXGroup;
			children = (
				8B07EED91D962F62005DB9AB /* MapKitTest */,
				8B07EEF31D962F62005DB9AB /* MapKitTestTests */,
				8B07EEFE1D962F62005DB9AB /* MapKitTestUITests */,
				8B07EED81D962F62005DB9AB /* Products */,
			);
			sourceTree = "<group>";
		};
		8B07EED81D962F62005DB9AB /* Products */ = {
			isa = PBXGroup;
			children = (
				8B07EED71D962F62005DB9AB /* MapKitTest.app */,
				8B07EEF01D962F62005DB9AB /* MapKitTestTests.xctest */,
				8B07EEFB1D962F62005DB9AB /* MapKitTestUITests.xctest */,
			);
			name = Products;
			sourceTree = "<group>";
		};
		8B07EED91D962F62005DB9AB /* MapKitTest */ = {
			isa = PBXGroup;
			children = (
				8B07EEDD1D962F62005DB9AB /* AppDelegate.h */,
				8B07EEDE1D962F62005DB9AB /* AppDelegate.m */,
				8B07EEE01D962F62005DB9AB /* ViewController.h */,
				8B07EEE11D962F62005DB9AB /* ViewController.m */,
				8B5C7EC31DC9E7190001A1A5 /* MyAnnotation.h */,
				8B5C7EC41DC9E7190001A1A5 /* MyAnnotation.m */,
				8B5C7EC61DC9F91A0001A1A5 /* MyAnnotationView.h */,
				8B5C7EC71DC9F91A0001A1A5 /* MyAnnotationView.m */,
				8B07EEE31D962F62005DB9AB /* Main.storyboard */,
				8B07EEE61D962F62005DB9AB /* Assets.xcassets */,
				8B07EEE81D962F62005DB9AB /* LaunchScreen.storyboard */,
				8B07EEEB1D962F62005DB9AB /* Info.plist */,
				8B07EEDA1D962F62005DB9AB /* Supporting Files */,
			);
			path = MapKitTest;
			sourceTree = "<group>";
		};
		8B07EEDA1D962F62005DB9AB /* Supporting Files */ = {
			isa = PBXGroup;
			children = (
				8B07EEDB1D962F62005DB9AB /* main.m */,
			);
			name = "Supporting Files";
			sourceTree = "<group>";
		};
		8B07EEF31D962F62005DB9AB /* MapKitTestTests */ = {
			isa = PBXGroup;
			children = (
				8B07EEF41D962F62005DB9AB /* MapKitTestTests.m */,
				8B07EEF61D962F62005DB9AB /* Info.plist */,
			);
			path = MapKitTestTests;
			sourceTree = "<group>";
		};
		8B07EEFE1D962F62005DB9AB /* MapKitTestUITests */ = {
			isa = PBXGroup;
			children = (
				8B07EEFF1D962F62005DB9AB /* MapKitTestUITests.m */,
				8B07EF011D962F62005DB9AB /* Info.plist */,
			);
			path = MapKitTestUITests;
			sourceTree = "<group>";
		};
/* End PBXGroup section */

/* Begin PBXNativeTarget section */
		8B07EED61D962F62005DB9AB /* MapKitTest */ = {
			isa = PBXNativeTarget;
			buildConfigurationList = 8B07EF041D962F62005DB9AB /* Build configuration list for PBXNativeTarget "MapKitTest" */;
			buildPhases = (
				8B07EED31D962F62005DB9AB /* Sources */,
				8B07EED41D962F62005DB9AB /* Frameworks */,
				8B07EED51D962F62005DB9AB /* Resources */,
			);
			buildRules = (
			);
			dependencies = (
			);
			name = MapKitTest;
			productName = MapKitTest;
			productReference = 8B07EED71D962F62005DB9AB /* MapKitTest.app */;
			productType = "com.apple.product-type.application";
		};
		8B07EEEF1D962F62005DB9AB /* MapKitTestTests */ = {
			isa = PBXNativeTarget;
			buildConfigurationList = 8B07EF071D962F62005DB9AB /* Build configuration list for PBXNativeTarget "MapKitTestTests" */;
			buildPhases = (
				8B07EEEC1D962F62005DB9AB /* Sources */,
				8B07EEED1D962F62005DB9AB /* Frameworks */,
				8B07EEEE1D962F62005DB9AB /* Resources */,
			);
			buildRules = (
			);
			dependencies = (
				8B07EEF21D962F62005DB9AB /* PBXTargetDependency */,
			);
			name = MapKitTestTests;
			productName = MapKitTestTests;
			productReference = 8B07EEF01D962F62005DB9AB /* MapKitTestTests.xctest */;
			productType = "com.apple.product-type.bundle.unit-test";
		};
		8B07EEFA1D962F62005DB9AB /* MapKitTestUITests */ = {
			isa = PBXNativeTarget;
			buildConfigurationList = 8B07EF0A1D962F62005DB9AB /* Build configuration list for PBXNativeTarget "MapKitTestUITests" */;
			buildPhases = (
				8B07EEF71D962F62005DB9AB /* Sources */,
				8B07EEF81D962F62005DB9AB /* Frameworks */,
				8B07EEF91D962F62005DB9AB /* Resources */,
			);
			buildRules = (
			);
			dependencies = (
				8B07EEFD1D962F62005DB9AB /* PBXTargetDependency */,
			);
			name = MapKitTestUITests;
			productName = MapKitTestUITests;
			productReference = 8B07EEFB1D962F62005DB9AB /* MapKitTestUITests.xctest */;
			productType = "com.apple.product-type.bundle.ui-testing";
		};
/* End PBXNativeTarget section */

/* Begin PBXProject section */
		8B07EECF1D962F62005DB9AB /* Project object */ = {
			isa = PBXProject;
			attributes = {
				LastUpgradeCheck = 0730;
				ORGANIZATIONNAME = ITPanda;
				TargetAttributes = {
					8B07EED61D962F62005DB9AB = {
						CreatedOnToolsVersion = 7.3.1;
						DevelopmentTeam = X4435MZ82Y;
					};
					8B07EEEF1D962F62005DB9AB = {
						CreatedOnToolsVersion = 7.3.1;
						DevelopmentTeam = X4435MZ82Y;
						TestTargetID = 8B07EED61D962F62005DB9AB;
					};
					8B07EEFA1D962F62005DB9AB = {
						CreatedOnToolsVersion = 7.3.1;
						DevelopmentTeam = X4435MZ82Y;
						TestTargetID = 8B07EED61D962F62005DB9AB;
					};
				};
			};
			buildConfigurationList = 8B07EED21D962F62005DB9AB /* Build configuration list for PBXProject "MapKitTest" */;
			compatibilityVersion = "Xcode 3.2";
			developmentRegion = English;
			hasScannedForEncodings = 0;
			knownRegions = (
				en,
				Base,
			);
			mainGroup = 8B07EECE1D962F62005DB9AB;
			productRefGroup = 8B07EED81D962F62005DB9AB /* Products */;
			projectDirPath = "";
			projectRoot = "";
			targets = (
				8B07EED61D962F62005DB9AB /* MapKitTest */,
				8B07EEEF1D962F62005DB9AB /* MapKitTestTests */,
				8B07EEFA1D962F62005DB9AB /* MapKitTestUITests */,
			);
		};
/* End PBXProject section */

/* Begin PBXResourcesBuildPhase section */
		8B07EED51D962F62005DB9AB /* Resources */ = {
			isa = PBXResourcesBuildPhase;
			buildActionMask = 2147483647;
			files = (
				8B07EEEA1D962F62005DB9AB /* LaunchScreen.storyboard in Resources */,
				8B07EEE71D962F62005DB9AB /* Assets.xcassets in Resources */,
				8B07EEE51D962F62005DB9AB /* Main.storyboard in Resources */,
			);
			runOnlyForDeploymentPostprocessing = 0;
		};
		8B07EEEE1D962F62005DB9AB /* Resources */ = {
			isa = PBXResourcesBuildPhase;
			buildActionMask = 2147483647;
			files = (
			);
			runOnlyForDeploymentPostprocessing = 0;
		};
		8B07EEF91D962F62005DB9AB /* Resources */ = {
			isa = PBXResourcesBuildPhase;
			buildActionMask = 2147483647;
			files = (
			);
			runOnlyForDeploymentPostprocessing = 0;
		};
/* End PBXResourcesBuildPhase section */

/* Begin PBXSourcesBuildPhase section */
		8B07EED31D962F62005DB9AB /* Sources */ = {
			isa = PBXSourcesBuildPhase;
			buildActionMask = 2147483647;
			files = (
				8B07EEE21D962F62005DB9AB /* ViewController.m in Sources */,
				8B07EEDF1D962F62005DB9AB /* AppDelegate.m in Sources */,
				8B5C7EC81DC9F91A0001A1A5 /* MyAnnotationView.m in Sources */,
				8B5C7EC51DC9E7190001A1A5 /* MyAnnotation.m in Sources */,
				8B07EEDC1D962F62005DB9AB /* main.m in Sources */,
			);
			runOnlyForDeploymentPostprocessing = 0;
		};
		8B07EEEC1D962F62005DB9AB /* Sources */ = {
			isa = PBXSourcesBuildPhase;
			buildActionMask = 2147483647;
			files = (
				8B07EEF51D962F62005DB9AB /* MapKitTestTests.m in Sources */,
			);
			runOnlyForDeploymentPostprocessing = 0;
		};
		8B07EEF71D962F62005DB9AB /* Sources */ = {
			isa = PBXSourcesBuildPhase;
			buildActionMask = 2147483647;
			files = (
				8B07EF001D962F62005DB9AB /* MapKitTestUITests.m in Sources */,
			);
			runOnlyForDeploymentPostprocessing = 0;
		};
/* End PBXSourcesBuildPhase section */

/* Begin PBXTargetDependency section */
		8B07EEF21D962F62005DB9AB /* PBXTargetDependency */ = {
			isa = PBXTargetDependency;
			target = 8B07EED61D962F62005DB9AB /* MapKitTest */;
			targetProxy = 8B07EEF11D962F62005DB9AB /* PBXContainerItemProxy */;
		};
		8B07EEFD1D962F62005DB9AB /* PBXTargetDependency */ = {
			isa = PBXTargetDependency;
			target = 8B07EED61D962F62005DB9AB /* MapKitTest */;
			targetProxy = 8B07EEFC1D962F62005DB9AB /* PBXContainerItemProxy */;
		};
/* End PBXTargetDependency section */

/* Begin PBXVariantGroup section */
		8B07EEE31D962F62005DB9AB /* Main.storyboard */ = {
			isa = PBXVariantGroup;
			children = (
				8B07EEE41D962F62005DB9AB /* Base */,
			);
			name = Main.storyboard;
			sourceTree = "<group>";
		};
		8B07EEE81D962F62005DB9AB /* LaunchScreen.storyboard */ = {
			isa = PBXVariantGroup;
			children = (
				8B07EEE91D962F62005DB9AB /* Base */,
			);
			name = LaunchScreen.storyboard;
			sourceTree = "<group>";
		};
/* End PBXVariantGroup section */

/* Begin XCBuildConfiguration section */
		8B07EF021D962F62005DB9AB /* Debug */ = {
			isa = XCBuildConfiguration;
			buildSettings = {
				ALWAYS_SEARCH_USER_PATHS = NO;
				CLANG_ANALYZER_NONNULL = YES;
				CLANG_CXX_LANGUAGE_STANDARD = "gnu++0x";
				CLANG_CXX_LIBRARY = "libc++";
				CLANG_ENABLE_MODULES = YES;
				CLANG_ENABLE_OBJC_ARC = YES;
				CLANG_WARN_BOOL_CONVERSION = YES;
				CLANG_WARN_CONSTANT_CONVERSION = YES;
				CLANG_WARN_DIRECT_OBJC_ISA_USAGE = YES_ERROR;
				CLANG_WARN_EMPTY_BODY = YES;
				CLANG_WARN_ENUM_CONVERSION = YES;
				CLANG_WARN_INT_CONVERSION = YES;
				CLANG_WARN_OBJC_ROOT_CLASS = YES_ERROR;
				CLANG_WARN_UNREACHABLE_CODE = YES;
				CLANG_WARN__DUPLICATE_METHOD_MATCH = YES;
				"CODE_SIGN_IDENTITY[sdk=iphoneos*]" = "iPhone Developer";
				COPY_PHASE_STRIP = NO;
				DEBUG_INFORMATION_FORMAT = dwarf;
				ENABLE_STRICT_OBJC_MSGSEND = YES;
				ENABLE_TESTABILITY = YES;
				GCC_C_LANGUAGE_STANDARD = gnu99;
				GCC_DYNAMIC_NO_PIC = NO;
				GCC_NO_COMMON_BLOCKS = YES;
				GCC_OPTIMIZATION_LEVEL = 0;
				GCC_PREPROCESSOR_DEFINITIONS = (
					"DEBUG=1",
					"$(inherited)",
				);
				GCC_WARN_64_TO_32_BIT_CONVERSION = YES;
				GCC_WARN_ABOUT_RETURN_TYPE = YES_ERROR;
				GCC_WARN_UNDECLARED_SELECTOR = YES;
				GCC_WARN_UNINITIALIZED_AUTOS = YES_AGGRESSIVE;
				GCC_WARN_UNUSED_FUNCTION = YES;
				GCC_WARN_UNUSED_VARIABLE = YES;
				IPHONEOS_DEPLOYMENT_TARGET = 9.3;
				MTL_ENABLE_DEBUG_INFO = YES;
				ONLY_ACTIVE_ARCH = YES;
				SDKROOT = iphoneos;
				TARGETED_DEVICE_FAMILY = "1,2";
			};
			name = Debug;
		};
		8B07EF031D962F62005DB9AB /* Release */ = {
			isa = XCBuildConfiguration;
			buildSettings = {
				ALWAYS_SEARCH_USER_PATHS = NO;
				CLANG_ANALYZER_NONNULL = YES;
				CLANG_CXX_LANGUAGE_STANDARD = "gnu++0x";
				CLANG_CXX_LIBRARY = "libc++";
				CLANG_ENABLE_MODULES = YES;
				CLANG_ENABLE_OBJC_ARC = YES;
				CLANG_WARN_BOOL_CONVERSION = YES;
				CLANG_WARN_CONSTANT_CONVERSION = YES;
				CLANG_WARN_DIRECT_OBJC_ISA_USAGE = YES_ERROR;
				CLANG_WARN_EMPTY_BODY = YES;
				CLANG_WARN_ENUM_CONVERSION = YES;
				CLANG_WARN_INT_CONVERSION = YES;
				CLANG_WARN_OBJC_ROOT_CLASS = YES_ERROR;
				CLANG_WARN_UNREACHABLE_CODE = YES;
				CLANG_WARN__DUPLICATE_METHOD_MATCH = YES;
				"CODE_SIGN_IDENTITY[sdk=iphoneos*]" = "iPhone Developer";
				COPY_PHASE_STRIP = NO;
				DEBUG_INFORMATION_FORMAT = "dwarf-with-dsym";
				ENABLE_NS_ASSERTIONS = NO;
				ENABLE_STRICT_OBJC_MSGSEND = YES;
				GCC_C_LANGUAGE_STANDARD = gnu99;
				GCC_NO_COMMON_BLOCKS = YES;
				GCC_WARN_64_TO_32_BIT_CONVERSION = YES;
				GCC_WARN_ABOUT_RETURN_TYPE = YES_ERROR;
				GCC_WARN_UNDECLARED_SELECTOR = YES;
				GCC_WARN_UNINITIALIZED_AUTOS = YES_AGGRESSIVE;
				GCC_WARN_UNUSED_FUNCTION = YES;
				GCC_WARN_UNUSED_VARIABLE = YES;
				IPHONEOS_DEPLOYMENT_TARGET = 9.3;
				MTL_ENABLE_DEBUG_INFO = NO;
				SDKROOT = iphoneos;
				TARGETED_DEVICE_FAMILY = "1,2";
				VALIDATE_PRODUCT = YES;
			};
			name = Release;
		};
		8B07EF051D962F62005DB9AB /* Debug */ = {
			isa = XCBuildConfiguration;
			buildSettings = {
				ASSETCATALOG_COMPILER_APPICON_NAME = AppIcon;
				INFOPLIST_FILE = MapKitTest/Info.plist;
				LD_RUNPATH_SEARCH_PATHS = "$(inherited) @executable_path/Frameworks";
				PRODUCT_BUNDLE_IDENTIFIER = "IT-Panda.MapKitTest";
				PRODUCT_NAME = "$(TARGET_NAME)";
			};
			name = Debug;
		};
		8B07EF061D962F62005DB9AB /* Release */ = {
			isa = XCBuildConfiguration;
			buildSettings = {
				ASSETCATALOG_COMPILER_APPICON_NAME = AppIcon;
				INFOPLIST_FILE = MapKitTest/Info.plist;
				LD_RUNPATH_SEARCH_PATHS = "$(inherited) @executable_path/Frameworks";
				PRODUCT_BUNDLE_IDENTIFIER = "IT-Panda.MapKitTest";
				PRODUCT_NAME = "$(TARGET_NAME)";
			};
			name = Release;
		};
		8B07EF081D962F62005DB9AB /* Debug */ = {
			isa = XCBuildConfiguration;
			buildSettings = {
				BUNDLE_LOADER = "$(TEST_HOST)";
				INFOPLIST_FILE = MapKitTestTests/Info.plist;
				LD_RUNPATH_SEARCH_PATHS = "$(inherited) @executable_path/Frameworks @loader_path/Frameworks";
				PRODUCT_BUNDLE_IDENTIFIER = "IT-Panda.MapKitTestTests";
				PRODUCT_NAME = "$(TARGET_NAME)";
				TEST_HOST = "$(BUILT_PRODUCTS_DIR)/MapKitTest.app/MapKitTest";
			};
			name = Debug;
		};
		8B07EF091D962F62005DB9AB /* Release */ = {
			isa = XCBuildConfiguration;
			buildSettings = {
				BUNDLE_LOADER = "$(TEST_HOST)";
				INFOPLIST_FILE = MapKitTestTests/Info.plist;
				LD_RUNPATH_SEARCH_PATHS = "$(inherited) @executable_path/Frameworks @loader_path/Frameworks";
				PRODUCT_BUNDLE_IDENTIFIER = "IT-Panda.MapKitTestTests";
				PRODUCT_NAME = "$(TARGET_NAME)";
				TEST_HOST = "$(BUILT_PRODUCTS_DIR)/MapKitTest.app/MapKitTest";
			};
			name = Release;
		};
		8B07EF0B1D962F62005DB9AB /* Debug */ = {
			isa = XCBuildConfiguration;
			buildSettings = {
				INFOPLIST_FILE = MapKitTestUITests/Info.plist;
				LD_RUNPATH_SEARCH_PATHS = "$(inherited) @executable_path/Frameworks @loader_path/Frameworks";
				PRODUCT_BUNDLE_IDENTIFIER = "IT-Panda.MapKitTestUITests";
				PRODUCT_NAME = "$(TARGET_NAME)";
				TEST_TARGET_NAME = MapKitTest;
			};
			name = Debug;
		};
		8B07EF0C1D962F62005DB9AB /* Release */ = {
			isa = XCBuildConfiguration;
			buildSettings = {
				INFOPLIST_FILE = MapKitTestUITests/Info.plist;
				LD_RUNPATH_SEARCH_PATHS = "$(inherited) @executable_path/Frameworks @loader_path/Frameworks";
				PRODUCT_BUNDLE_IDENTIFIER = "IT-Panda.MapKitTestUITests";
				PRODUCT_NAME = "$(TARGET_NAME)";
				TEST_TARGET_NAME = MapKitTest;
			};
			name = Release;
		};
/* End XCBuildConfiguration section */

/* Begin XCConfigurationList section */
		8B07EED21D962F62005DB9AB /* Build configuration list for PBXProject "MapKitTest" */ = {
			isa = XCConfigurationList;
			buildConfigurations = (
				8B07EF021D962F62005DB9AB /* Debug */,
				8B07EF031D962F62005DB9AB /* Release */,
			);
			defaultConfigurationIsVisible = 0;
			defaultConfigurationName = Release;
		};
		8B07EF041D962F62005DB9AB /* Build configuration list for PBXNativeTarget "MapKitTest" */ = {
			isa = XCConfigurationList;
			buildConfigurations = (
				8B07EF051D962F62005DB9AB /* Debug */,
				8B07EF061D962F62005DB9AB /* Release */,
			);
			defaultConfigurationIsVisible = 0;
			defaultConfigurationName = Release;
		};
		8B07EF071D962F62005DB9AB /* Build configuration list for PBXNativeTarget "MapKitTestTests" */ = {
			isa = XCConfigurationList;
			buildConfigurations = (
				8B07EF081D962F62005DB9AB /* Debug */,
				8B07EF091D962F62005DB9AB /* Release */,
			);
			defaultConfigurationIsVisible = 0;
			defaultConfigurationName = Release;
		};
		8B07EF0A1D962F62005DB9AB /* Build configuration list for PBXNativeTarget "MapKitTestUITests" */ = {
			isa = XCConfigurationList;
			buildConfigurations = (
				8B07EF0B1D962F62005DB9AB /* Debug */,
				8B07EF0C1D962F62005DB9AB /* Release */,
			);
			defaultConfigurationIsVisible = 0;
			defaultConfigurationName = Release;
		};
/* End XCConfigurationList section */
	};
	rootObject = 8B07EECF1D962F62005DB9AB /* Project object */;
}
